// !$*UTF8*$!
{
	archiveVersion = 1;
	classes = {
	};
	objectVersion = 77;
	objects = {

/* Begin PBXBuildFile section */
		002BFF4E14DD42A9716D323B /* GSDStore in Frameworks */ = {isa = PBXBuildFile; productRef = 579A119DFC479E75D3534B6C /* GSDStore */; };
		046100EB23A8521EA8275EAE /* CaptureBar.swift in Sources */ = {isa = PBXBuildFile; fileRef = 30A03169462530BB59EC808C /* CaptureBar.swift */; };
		052F228DC3DF13B25763A8FA /* TaskShareText.swift in Sources */ = {isa = PBXBuildFile; fileRef = BD40180D8547F48338624F7D /* TaskShareText.swift */; };
		0E93D023C335817A371DBFF3 /* DemoSeed.swift in Sources */ = {isa = PBXBuildFile; fileRef = A2C9EE64F35A42788D229B1E /* DemoSeed.swift */; };
		148AA072429C982C5B7B77C0 /* TaskEditorView.swift in Sources */ = {isa = PBXBuildFile; fileRef = B64E529DD477AC5E05C0EB91 /* TaskEditorView.swift */; };
		1869F8AA2F2BACCAE9D5A230 /* Theme.swift in Sources */ = {isa = PBXBuildFile; fileRef = 5CAA477CE99B7420D83C9362 /* Theme.swift */; };
		1995E0D8DB3D1CD07A579638 /* ArchiveListView.swift in Sources */ = {isa = PBXBuildFile; fileRef = 923FB39E62F676CE76DDE26A /* ArchiveListView.swift */; };
		199FBD01812B3761F312A745 /* TaskRowMenu.swift in Sources */ = {isa = PBXBuildFile; fileRef = D5C3752E464ACF9EDB1EE803 /* TaskRowMenu.swift */; };
		1F2495DBB050390A9BDCFE81 /* WidgetSnapshotRefresher.swift in Sources */ = {isa = PBXBuildFile; fileRef = 7955446497B26D20179DFD36 /* WidgetSnapshotRefresher.swift */; };
		1F424C37BED56024B5CCD41A /* TodaysFocusEntry.swift in Sources */ = {isa = PBXBuildFile; fileRef = 4D02DE15F4CF357C7DB7F7B0 /* TodaysFocusEntry.swift */; };
		1F6721700983447468D664C1 /* GSDMenuCommands.swift in Sources */ = {isa = PBXBuildFile; fileRef = 3D8E3161EF21EF57F6E08CB8 /* GSDMenuCommands.swift */; };
		1FDBA6B34191BD05C33E7153 /* QuickActions.swift in Sources */ = {isa = PBXBuildFile; fileRef = BE4AB4A7D546F89E5F67F5AA /* QuickActions.swift */; };
		226EDB9DE729919DC71D3140 /* QuadrantStyle.swift in Sources */ = {isa = PBXBuildFile; fileRef = 46573F92F98F5474E52D5C7F /* QuadrantStyle.swift */; };
		2C5CFB85FF77F009879520B9 /* ContentView.swift in Sources */ = {isa = PBXBuildFile; fileRef = F13D65075CBAAF0DA403E950 /* ContentView.swift */; };
		2DAC8455D9EDB41A5278D652 /* GSDModel in Frameworks */ = {isa = PBXBuildFile; productRef = 6A3C3A671584405B65D83D55 /* GSDModel */; };
		305B1E2FEF9947D20EDC16CE /* SpotlightIndexer.swift in Sources */ = {isa = PBXBuildFile; fileRef = 874A98A2278EE80A36EC0976 /* SpotlightIndexer.swift */; };
		32AC8D69042D0AA6FEA03C34 /* PreviewChoreography.swift in Sources */ = {isa = PBXBuildFile; fileRef = 664E6FF5137DE167118E123D /* PreviewChoreography.swift */; };
		330EE4300870006150028E1E /* SwipeRevealRow.swift in Sources */ = {isa = PBXBuildFile; fileRef = FAAD187765FA87D80F92EA6D /* SwipeRevealRow.swift */; };
		34A8E574358FAB0570162302 /* LiveReminderScheduler.swift in Sources */ = {isa = PBXBuildFile; fileRef = 399AF4BCCB2AD2E7048DD9AE /* LiveReminderScheduler.swift */; };
		359A72201638531D8F3DA616 /* MatrixGridView.swift in Sources */ = {isa = PBXBuildFile; fileRef = BF4FCB5B3E30B3503D038737 /* MatrixGridView.swift */; };
		38C43AD20BE29AACB50F60F3 /* GSDSnapshot in Frameworks */ = {isa = PBXBuildFile; productRef = BF8FC602D80E3FC0BFC933BC /* GSDSnapshot */; };
		3AF1BC550994DC383C6D93E0 /* OnboardingView.swift in Sources */ = {isa = PBXBuildFile; fileRef = 3198C1DBF5E5DEB48729A558 /* OnboardingView.swift */; };
		3CA0F82B70641EBE858F761D /* GSDWidgetBundle.swift in Sources */ = {isa = PBXBuildFile; fileRef = 1FA0D2F82C759037F6A2DD38 /* GSDWidgetBundle.swift */; };
		3D69E0E0F8BE9569BE845572 /* QuadrantCell.swift in Sources */ = {isa = PBXBuildFile; fileRef = 58879367B58AD6DB9D3F3B6D /* QuadrantCell.swift */; };
		4132C3E4E3012462A71F5C24 /* CommandPaletteView.swift in Sources */ = {isa = PBXBuildFile; fileRef = EF808B59480FABFBDDCE413D /* CommandPaletteView.swift */; };
		4A297BF5B9DB7F065BC85EE1 /* TodaysFocusProvider.swift in Sources */ = {isa = PBXBuildFile; fileRef = EA24761F3BB6078DC0F318A8 /* TodaysFocusProvider.swift */; };
		4CA5862BAD963FCB53AE3285 /* ReminderResyncer.swift in Sources */ = {isa = PBXBuildFile; fileRef = 201AED667DF059BD3CEA6C01 /* ReminderResyncer.swift */; };
		511369ABE5B10E9AB12EEE51 /* ShareComposeView.swift in Sources */ = {isa = PBXBuildFile; fileRef = D20E914ACF6FFFD780E61B77 /* ShareComposeView.swift */; };
		52058F06635130DE73D6A92D /* BackgroundRefresh.swift in Sources */ = {isa = PBXBuildFile; fileRef = 18D8BB8C39DEADCA05DC6DDE /* BackgroundRefresh.swift */; };
		52AD5212537B728E13851A19 /* ShareViewController.swift in Sources */ = {isa = PBXBuildFile; fileRef = A706546D6BC547A4D13660DC /* ShareViewController.swift */; };
		5588BCC2EC76EC2BB763FD0C /* HelpView.swift in Sources */ = {isa = PBXBuildFile; fileRef = 4FCA43224F505628B890F546 /* HelpView.swift */; };
		58FD9F5517C6F2C976FDDC84 /* FilteredTaskListView.swift in Sources */ = {isa = PBXBuildFile; fileRef = 9E3EB1A411E2B366AD9083E4 /* FilteredTaskListView.swift */; };
		59071E4849DBEB9BD62E330F /* SyncCoordinator.swift in Sources */ = {isa = PBXBuildFile; fileRef = 90129986F7968EDDC63918F0 /* SyncCoordinator.swift */; };
		607FFB701B4CA73F83C3E8C4 /* DependencyPickerView.swift in Sources */ = {isa = PBXBuildFile; fileRef = 6CE116337BD91A8A51962B63 /* DependencyPickerView.swift */; };
		65F938AD7F2AD90B26C4E67A /* PrivacyInfo.xcprivacy in Resources */ = {isa = PBXBuildFile; fileRef = AE084189B67CD4EE1370674E /* PrivacyInfo.xcprivacy */; };
		73196690527F90814FB6BD90 /* SmartViewEditorView.swift in Sources */ = {isa = PBXBuildFile; fileRef = 5D54F63BCE1089C7F540E0FD /* SmartViewEditorView.swift */; };
		753ECCA79375230D59BEF00A /* TodaysFocusEntry.swift in Sources */ = {isa = PBXBuildFile; fileRef = 4D02DE15F4CF357C7DB7F7B0 /* TodaysFocusEntry.swift */; };
		7A957DC7F1948AE07FD27927 /* RelativeDate.swift in Sources */ = {isa = PBXBuildFile; fileRef = 94ED783FE5C2324C295B0273 /* RelativeDate.swift */; };
		8004840C42749CB157F55F18 /* MatrixView.swift in Sources */ = {isa = PBXBuildFile; fileRef = BFCC04D1A10AC4C3073A8147 /* MatrixView.swift */; };
		8036F79C226CB3A58EAD44E4 /* GSDSync in Frameworks */ = {isa = PBXBuildFile; productRef = 4D69B433643C83344AA85FF9 /* GSDSync */; };
		83388C6EE74A09C1F6C7AC1E /* LiveWebAuthPresenter.swift in Sources */ = {isa = PBXBuildFile; fileRef = BF4C433062F9C387CDFB316C /* LiveWebAuthPresenter.swift */; };
		85FC74F90BC144FB514B2924 /* AppPreferences.swift in Sources */ = {isa = PBXBuildFile; fileRef = 0C1CF4736BFC71BCFDCE6D45 /* AppPreferences.swift */; };
		863728DE9F16D23835B6548A /* SessionStore.swift in Sources */ = {isa = PBXBuildFile; fileRef = 454069942C9F75AFFB235E5C /* SessionStore.swift */; };
		88A8C4B6149243B4E448B079 /* TaskListRow.swift in Sources */ = {isa = PBXBuildFile; fileRef = 721AA423A1BF176E1CB41486 /* TaskListRow.swift */; };
		897BB67F86F05D4495DD802C /* DataStorageView.swift in Sources */ = {isa = PBXBuildFile; fileRef = A92D91657DBB6423E6BBE725 /* DataStorageView.swift */; };
		8C598D4A09D89CC736EB8DD5 /* PrivacyInfo.xcprivacy in Resources */ = {isa = PBXBuildFile; fileRef = C90EFCF94266B58982AD2070 /* PrivacyInfo.xcprivacy */; };
		8D3E507485820DA79F4330BC /* EmptyStateView.swift in Sources */ = {isa = PBXBuildFile; fileRef = 52B7ABECA93D5E1F65DC3F8C /* EmptyStateView.swift */; };
		8DF2570FD1FE80043BD1A894 /* GSDShareExtension.appex in Embed Foundation Extensions */ = {isa = PBXBuildFile; fileRef = 085C79B0624FDEED34B4E129 /* GSDShareExtension.appex */; platformFilter = ios; settings = {ATTRIBUTES = (RemoveHeadersOnCopy, ); }; };
		91BA856CFA07EA07931A8A51 /* DeepLinkHandoff.swift in Sources */ = {isa = PBXBuildFile; fileRef = 79AF2835774B7DBAABCD9A82 /* DeepLinkHandoff.swift */; };
		9B02974953AD67A3BB67B26E /* DemoChoreography.swift in Sources */ = {isa = PBXBuildFile; fileRef = E859591AFA113674374C5700 /* DemoChoreography.swift */; };
		9E629D3EB66EB065393218F5 /* EditorRequest.swift in Sources */ = {isa = PBXBuildFile; fileRef = BBA78CA912A99CB33C5276C0 /* EditorRequest.swift */; };
		A004032986C5ACEB406BB2C5 /* DemoHomeScreen.swift in Sources */ = {isa = PBXBuildFile; fileRef = 5A7B229DAFAC4E845FCCC5C5 /* DemoHomeScreen.swift */; };
		A6BD5A7B14A9BEC633DE1C66 /* TodaysFocusView.swift in Sources */ = {isa = PBXBuildFile; fileRef = 6CB854FC328F174E62348856 /* TodaysFocusView.swift */; };
		A80A9336C8AA201D0E27E535 /* SettingsView.swift in Sources */ = {isa = PBXBuildFile; fileRef = 6D97811D144C615B847BA217 /* SettingsView.swift */; };
		A92FC63E75447B51AB504FE8 /* GSDModel in Frameworks */ = {isa = PBXBuildFile; productRef = 10C5831BD27556073CD6CD9F /* GSDModel */; };
		AD6837183E00E04042A56ED0 /* Assets.xcassets in Resources */ = {isa = PBXBuildFile; fileRef = 249F029B40FD9FDAA6A68A25 /* Assets.xcassets */; };
		B17361EAF4ABA6F4940F94B8 /* SmartViewListView.swift in Sources */ = {isa = PBXBuildFile; fileRef = F8FB17173BD410FDE2B3AD58 /* SmartViewListView.swift */; };
		B6AF4EA8BD5D386DBF3D1310 /* TodaysFocusWidget.swift in Sources */ = {isa = PBXBuildFile; fileRef = 8FECB334B943916706D8E944 /* TodaysFocusWidget.swift */; };
		BFF54FAF7C196285832779A2 /* GSDApp.swift in Sources */ = {isa = PBXBuildFile; fileRef = 834FF1E8BA076E31BA383962 /* GSDApp.swift */; };
		C54C617DEC7531732CFC2822 /* ConfettiView.swift in Sources */ = {isa = PBXBuildFile; fileRef = 6B5B63F4644937DA0EA0B403 /* ConfettiView.swift */; };
		C8EFB5F817DADDA1C48B0356 /* ScreenshotTests.swift in Sources */ = {isa = PBXBuildFile; fileRef = E87C46CC1405702B23330578 /* ScreenshotTests.swift */; };
		CD46F261D6842C4865DDACB6 /* KeychainTokenStore.swift in Sources */ = {isa = PBXBuildFile; fileRef = DE03DDCAC842A647E510557D /* KeychainTokenStore.swift */; };
		D0AFF2959538BB3C31A179B3 /* DashboardView.swift in Sources */ = {isa = PBXBuildFile; fileRef = 761CD99A69FF72AB17AB5968 /* DashboardView.swift */; };
		D1A08D8A25028DD6A0CF3B82 /* GSDSnapshot in Frameworks */ = {isa = PBXBuildFile; productRef = 98C26FEAF665B149C1D46E83 /* GSDSnapshot */; };
		DAD1C4162E0C6658137A4C21 /* GSDModel in Frameworks */ = {isa = PBXBuildFile; productRef = A10EBE9AD3F19E9BF692E87E /* GSDModel */; };
		E63F93C1AFC3CD88D00DE943 /* BulkActionBar.swift in Sources */ = {isa = PBXBuildFile; fileRef = 30895EFC952028C78E9F99EE /* BulkActionBar.swift */; };
		E85D86A3C5BC5FC8E8E6A062 /* SyncStatusChip.swift in Sources */ = {isa = PBXBuildFile; fileRef = 9802B12A80312C88E9AAF74D /* SyncStatusChip.swift */; };
		EA4E73E505B881123C11206C /* GSDSnapshot in Frameworks */ = {isa = PBXBuildFile; productRef = 772006EE80317C193341A8F4 /* GSDSnapshot */; };
		EA9A76CFD282A149ABFD0FE3 /* TaskCardView.swift in Sources */ = {isa = PBXBuildFile; fileRef = B6988BDFABF5E325C967D8EA /* TaskCardView.swift */; };
		EA9DA80415D88FF601FCBF70 /* GSDWidgets.appex in Embed Foundation Extensions */ = {isa = PBXBuildFile; fileRef = E77900FA416C5BD27D556B5F /* GSDWidgets.appex */; platformFilter = ios; settings = {ATTRIBUTES = (RemoveHeadersOnCopy, ); }; };
		EEED564CCDE3349B5B966A0C /* SyncHistoryView.swift in Sources */ = {isa = PBXBuildFile; fileRef = E0DF57F88856C1F3F177A577 /* SyncHistoryView.swift */; };
		F1B330A8B3AF352E918AA98B /* PrivacyInfo.xcprivacy in Resources */ = {isa = PBXBuildFile; fileRef = 8908894C46A7A691FFED08F0 /* PrivacyInfo.xcprivacy */; };
		F6BD77CCE7D8D5B7A4953F00 /* TodaysFocusView.swift in Sources */ = {isa = PBXBuildFile; fileRef = 6CB854FC328F174E62348856 /* TodaysFocusView.swift */; };
		FC3ADA52CD5492DBDA90D3E3 /* QuadrantSection.swift in Sources */ = {isa = PBXBuildFile; fileRef = 6929A33C9F2CE065B24A7B00 /* QuadrantSection.swift */; };
		FE0F884C571B70DC1021DC4F /* TaskActions.swift in Sources */ = {isa = PBXBuildFile; fileRef = 53A151034146B4714F731EE2 /* TaskActions.swift */; };
		FF5DA971C1D7F0E459C85820 /* GSDAppIntents.swift in Sources */ = {isa = PBXBuildFile; fileRef = 5A940BB6BB7707C5631927A0 /* GSDAppIntents.swift */; };
/* End PBXBuildFile section */

/* Begin PBXContainerItemProxy section */
		3539ACF5B1670282BE6A9FBF /* PBXContainerItemProxy */ = {
			isa = PBXContainerItemProxy;
			containerPortal = 0765B2E5667333C3066967A2 /* Project object */;
			proxyType = 1;
			remoteGlobalIDString = C9092E2A5E48E2CA69F326A5;
			remoteInfo = GSD;
		};
		9F2BB16D90F4AFDB23B6F144 /* PBXContainerItemProxy */ = {
			isa = PBXContainerItemProxy;
			containerPortal = 0765B2E5667333C3066967A2 /* Project object */;
			proxyType = 1;
			remoteGlobalIDString = FB5769502DA33695CDF99A6E;
			remoteInfo = GSDWidgets;
		};
		F84A37D89CDEAAC02B1DA7F2 /* PBXContainerItemProxy */ = {
			isa = PBXContainerItemProxy;
			containerPortal = 0765B2E5667333C3066967A2 /* Project object */;
			proxyType = 1;
			remoteGlobalIDString = 3C9C23BC1E54FC4FB785F94F;
			remoteInfo = GSDShareExtension;
		};
/* End PBXContainerItemProxy section */

/* Begin PBXCopyFilesBuildPhase section */
		4025ACAA09BB68A76D66661A /* Embed Foundation Extensions */ = {
			isa = PBXCopyFilesBuildPhase;
			buildActionMask = 2147483647;
			dstPath = "";
			dstSubfolderSpec = 13;
			files = (
				EA9DA80415D88FF601FCBF70 /* GSDWidgets.appex in Embed Foundation Extensions */,
				8DF2570FD1FE80043BD1A894 /* GSDShareExtension.appex in Embed Foundation Extensions */,
			);
			name = "Embed Foundation Extensions";
			runOnlyForDeploymentPostprocessing = 0;
		};
/* End PBXCopyFilesBuildPhase section */

/* Begin PBXFileReference section */
		0408B7C2649856ADA33B1BF0 /* GSDKit */ = {isa = PBXFileReference; lastKnownFileType = folder; name = GSDKit; path = GSDKit; sourceTree = SOURCE_ROOT; };
		085C79B0624FDEED34B4E129 /* GSDShareExtension.appex */ = {isa = PBXFileReference; includeInIndex = 0; lastKnownFileType = "wrapper.app-extension"; path = GSDShareExtension.appex; sourceTree = BUILT_PRODUCTS_DIR; };
		0C1CF4736BFC71BCFDCE6D45 /* AppPreferences.swift */ = {isa = PBXFileReference; lastKnownFileType = sourcecode.swift; path = AppPreferences.swift; sourceTree = "<group>"; };
		18D8BB8C39DEADCA05DC6DDE /* BackgroundRefresh.swift */ = {isa = PBXFileReference; lastKnownFileType = sourcecode.swift; path = BackgroundRefresh.swift; sourceTree = "<group>"; };
		1E44544249232FE202E59EB0 /* GSD.entitlements */ = {isa = PBXFileReference; lastKnownFileType = text.plist.entitlements; path = GSD.entitlements; sourceTree = "<group>"; };
		1FA0D2F82C759037F6A2DD38 /* GSDWidgetBundle.swift */ = {isa = PBXFileReference; lastKnownFileType = sourcecode.swift; path = GSDWidgetBundle.swift; sourceTree = "<group>"; };
		201AED667DF059BD3CEA6C01 /* ReminderResyncer.swift */ = {isa = PBXFileReference; lastKnownFileType = sourcecode.swift; path = ReminderResyncer.swift; sourceTree = "<group>"; };
		2429471CF154E2FD234BA738 /* Info.plist */ = {isa = PBXFileReference; lastKnownFileType = text.plist; path = Info.plist; sourceTree = "<group>"; };
		249F029B40FD9FDAA6A68A25 /* Assets.xcassets */ = {isa = PBXFileReference; lastKnownFileType = folder.assetcatalog; path = Assets.xcassets; sourceTree = "<group>"; };
		30895EFC952028C78E9F99EE /* BulkActionBar.swift */ = {isa = PBXFileReference; lastKnownFileType = sourcecode.swift; path = BulkActionBar.swift; sourceTree = "<group>"; };
		30A03169462530BB59EC808C /* CaptureBar.swift */ = {isa = PBXFileReference; lastKnownFileType = sourcecode.swift; path = CaptureBar.swift; sourceTree = "<group>"; };
		3198C1DBF5E5DEB48729A558 /* OnboardingView.swift */ = {isa = PBXFileReference; lastKnownFileType = sourcecode.swift; path = OnboardingView.swift; sourceTree = "<group>"; };
		399AF4BCCB2AD2E7048DD9AE /* LiveReminderScheduler.swift */ = {isa = PBXFileReference; lastKnownFileType = sourcecode.swift; path = LiveReminderScheduler.swift; sourceTree = "<group>"; };
		3D312C99EDD96DCCCA77715B /* Info.plist */ = {isa = PBXFileReference; lastKnownFileType = text.plist; path = Info.plist; sourceTree = "<group>"; };
		3D8E3161EF21EF57F6E08CB8 /* GSDMenuCommands.swift */ = {isa = PBXFileReference; lastKnownFileType = sourcecode.swift; path = GSDMenuCommands.swift; sourceTree = "<group>"; };
		454069942C9F75AFFB235E5C /* SessionStore.swift */ = {isa = PBXFileReference; lastKnownFileType = sourcecode.swift; path = SessionStore.swift; sourceTree = "<group>"; };
		45F742E0B4D949B966E92DDF /* GSDShareExtension.entitlements */ = {isa = PBXFileReference; lastKnownFileType = text.plist.entitlements; path = GSDShareExtension.entitlements; sourceTree = "<group>"; };
		46573F92F98F5474E52D5C7F /* QuadrantStyle.swift */ = {isa = PBXFileReference; lastKnownFileType = sourcecode.swift; path = QuadrantStyle.swift; sourceTree = "<group>"; };
		4D02DE15F4CF357C7DB7F7B0 /* TodaysFocusEntry.swift */ = {isa = PBXFileReference; lastKnownFileType = sourcecode.swift; path = TodaysFocusEntry.swift; sourceTree = "<group>"; };
		4FCA43224F505628B890F546 /* HelpView.swift */ = {isa = PBXFileReference; lastKnownFileType = sourcecode.swift; path = HelpView.swift; sourceTree = "<group>"; };
		52B7ABECA93D5E1F65DC3F8C /* EmptyStateView.swift */ = {isa = PBXFileReference; lastKnownFileType = sourcecode.swift; path = EmptyStateView.swift; sourceTree = "<group>"; };
		53A151034146B4714F731EE2 /* TaskActions.swift */ = {isa = PBXFileReference; lastKnownFileType = sourcecode.swift; path = TaskActions.swift; sourceTree = "<group>"; };
		5786EAF6D1A1869947855193 /* GSD.app */ = {isa = PBXFileReference; includeInIndex = 0; lastKnownFileType = wrapper.application; path = GSD.app; sourceTree = BUILT_PRODUCTS_DIR; };
		58879367B58AD6DB9D3F3B6D /* QuadrantCell.swift */ = {isa = PBXFileReference; lastKnownFileType = sourcecode.swift; path = QuadrantCell.swift; sourceTree = "<group>"; };
		5A7B229DAFAC4E845FCCC5C5 /* DemoHomeScreen.swift */ = {isa = PBXFileReference; lastKnownFileType = sourcecode.swift; path = DemoHomeScreen.swift; sourceTree = "<group>"; };
		5A940BB6BB7707C5631927A0 /* GSDAppIntents.swift */ = {isa = PBXFileReference; lastKnownFileType = sourcecode.swift; path = GSDAppIntents.swift; sourceTree = "<group>"; };
		5CAA477CE99B7420D83C9362 /* Theme.swift */ = {isa = PBXFileReference; lastKnownFileType = sourcecode.swift; path = Theme.swift; sourceTree = "<group>"; };
		5D54F63BCE1089C7F540E0FD /* SmartViewEditorView.swift */ = {isa = PBXFileReference; lastKnownFileType = sourcecode.swift; path = SmartViewEditorView.swift; sourceTree = "<group>"; };
		664E6FF5137DE167118E123D /* PreviewChoreography.swift */ = {isa = PBXFileReference; lastKnownFileType = sourcecode.swift; path = PreviewChoreography.swift; sourceTree = "<group>"; };
		6929A33C9F2CE065B24A7B00 /* QuadrantSection.swift */ = {isa = PBXFileReference; lastKnownFileType = sourcecode.swift; path = QuadrantSection.swift; sourceTree = "<group>"; };
		6B5B63F4644937DA0EA0B403 /* ConfettiView.swift */ = {isa = PBXFileReference; lastKnownFileType = sourcecode.swift; path = ConfettiView.swift; sourceTree = "<group>"; };
		6CB854FC328F174E62348856 /* TodaysFocusView.swift */ = {isa = PBXFileReference; lastKnownFileType = sourcecode.swift; path = TodaysFocusView.swift; sourceTree = "<group>"; };
		6CE116337BD91A8A51962B63 /* DependencyPickerView.swift */ = {isa = PBXFileReference; lastKnownFileType = sourcecode.swift; path = DependencyPickerView.swift; sourceTree = "<group>"; };
		6D97811D144C615B847BA217 /* SettingsView.swift */ = {isa = PBXFileReference; lastKnownFileType = sourcecode.swift; path = SettingsView.swift; sourceTree = "<group>"; };
		721AA423A1BF176E1CB41486 /* TaskListRow.swift */ = {isa = PBXFileReference; lastKnownFileType = sourcecode.swift; path = TaskListRow.swift; sourceTree = "<group>"; };
		761CD99A69FF72AB17AB5968 /* DashboardView.swift */ = {isa = PBXFileReference; lastKnownFileType = sourcecode.swift; path = DashboardView.swift; sourceTree = "<group>"; };
		7955446497B26D20179DFD36 /* WidgetSnapshotRefresher.swift */ = {isa = PBXFileReference; lastKnownFileType = sourcecode.swift; path = WidgetSnapshotRefresher.swift; sourceTree = "<group>"; };
		79AF2835774B7DBAABCD9A82 /* DeepLinkHandoff.swift */ = {isa = PBXFileReference; lastKnownFileType = sourcecode.swift; path = DeepLinkHandoff.swift; sourceTree = "<group>"; };
		834FF1E8BA076E31BA383962 /* GSDApp.swift */ = {isa = PBXFileReference; lastKnownFileType = sourcecode.swift; path = GSDApp.swift; sourceTree = "<group>"; };
		84C4854FB1A6758DCF814DAA /* GSDScreenshotTests.xctest */ = {isa = PBXFileReference; includeInIndex = 0; lastKnownFileType = wrapper.cfbundle; path = GSDScreenshotTests.xctest; sourceTree = BUILT_PRODUCTS_DIR; };
		874A98A2278EE80A36EC0976 /* SpotlightIndexer.swift */ = {isa = PBXFileReference; lastKnownFileType = sourcecode.swift; path = SpotlightIndexer.swift; sourceTree = "<group>"; };
		8908894C46A7A691FFED08F0 /* PrivacyInfo.xcprivacy */ = {isa = PBXFileReference; path = PrivacyInfo.xcprivacy; sourceTree = "<group>"; };
		8A2616E2AED32805AED8C11B /* GSDWidgets.entitlements */ = {isa = PBXFileReference; lastKnownFileType = text.plist.entitlements; path = GSDWidgets.entitlements; sourceTree = "<group>"; };
		8FECB334B943916706D8E944 /* TodaysFocusWidget.swift */ = {isa = PBXFileReference; lastKnownFileType = sourcecode.swift; path = TodaysFocusWidget.swift; sourceTree = "<group>"; };
		90129986F7968EDDC63918F0 /* SyncCoordinator.swift */ = {isa = PBXFileReference; lastKnownFileType = sourcecode.swift; path = SyncCoordinator.swift; sourceTree = "<group>"; };
		923FB39E62F676CE76DDE26A /* ArchiveListView.swift */ = {isa = PBXFileReference; lastKnownFileType = sourcecode.swift; path = ArchiveListView.swift; sourceTree = "<group>"; };
		94ED783FE5C2324C295B0273 /* RelativeDate.swift */ = {isa = PBXFileReference; lastKnownFileType = sourcecode.swift; path = RelativeDate.swift; sourceTree = "<group>"; };
		9802B12A80312C88E9AAF74D /* SyncStatusChip.swift */ = {isa = PBXFileReference; lastKnownFileType = sourcecode.swift; path = SyncStatusChip.swift; sourceTree = "<group>"; };
		9E3EB1A411E2B366AD9083E4 /* FilteredTaskListView.swift */ = {isa = PBXFileReference; lastKnownFileType = sourcecode.swift; path = FilteredTaskListView.swift; sourceTree = "<group>"; };
		A2C9EE64F35A42788D229B1E /* DemoSeed.swift */ = {isa = PBXFileReference; lastKnownFileType = sourcecode.swift; path = DemoSeed.swift; sourceTree = "<group>"; };
		A706546D6BC547A4D13660DC /* ShareViewController.swift */ = {isa = PBXFileReference; lastKnownFileType = sourcecode.swift; path = ShareViewController.swift; sourceTree = "<group>"; };
		A92D91657DBB6423E6BBE725 /* DataStorageView.swift */ = {isa = PBXFileReference; lastKnownFileType = sourcecode.swift; path = DataStorageView.swift; sourceTree = "<group>"; };
		ABCFD2CB1A7F53B54E6E1725 /* Info.plist */ = {isa = PBXFileReference; lastKnownFileType = text.plist; path = Info.plist; sourceTree = "<group>"; };
		AE084189B67CD4EE1370674E /* PrivacyInfo.xcprivacy */ = {isa = PBXFileReference; path = PrivacyInfo.xcprivacy; sourceTree = "<group>"; };
		B64E529DD477AC5E05C0EB91 /* TaskEditorView.swift */ = {isa = PBXFileReference; lastKnownFileType = sourcecode.swift; path = TaskEditorView.swift; sourceTree = "<group>"; };
		B6988BDFABF5E325C967D8EA /* TaskCardView.swift */ = {isa = PBXFileReference; lastKnownFileType = sourcecode.swift; path = TaskCardView.swift; sourceTree = "<group>"; };
		BBA78CA912A99CB33C5276C0 /* EditorRequest.swift */ = {isa = PBXFileReference; lastKnownFileType = sourcecode.swift; path = EditorRequest.swift; sourceTree = "<group>"; };
		BD40180D8547F48338624F7D /* TaskShareText.swift */ = {isa = PBXFileReference; lastKnownFileType = sourcecode.swift; path = TaskShareText.swift; sourceTree = "<group>"; };
		BE4AB4A7D546F89E5F67F5AA /* QuickActions.swift */ = {isa = PBXFileReference; lastKnownFileType = sourcecode.swift; path = QuickActions.swift; sourceTree = "<group>"; };
		BF4C433062F9C387CDFB316C /* LiveWebAuthPresenter.swift */ = {isa = PBXFileReference; lastKnownFileType = sourcecode.swift; path = LiveWebAuthPresenter.swift; sourceTree = "<group>"; };
		BF4FCB5B3E30B3503D038737 /* MatrixGridView.swift */ = {isa = PBXFileReference; lastKnownFileType = sourcecode.swift; path = MatrixGridView.swift; sourceTree = "<group>"; };
		BFCC04D1A10AC4C3073A8147 /* MatrixView.swift */ = {isa = PBXFileReference; lastKnownFileType = sourcecode.swift; path = MatrixView.swift; sourceTree = "<group>"; };
		C90EFCF94266B58982AD2070 /* PrivacyInfo.xcprivacy */ = {isa = PBXFileReference; path = PrivacyInfo.xcprivacy; sourceTree = "<group>"; };
		D20E914ACF6FFFD780E61B77 /* ShareComposeView.swift */ = {isa = PBXFileReference; lastKnownFileType = sourcecode.swift; path = ShareComposeView.swift; sourceTree = "<group>"; };
		D5C3752E464ACF9EDB1EE803 /* TaskRowMenu.swift */ = {isa = PBXFileReference; lastKnownFileType = sourcecode.swift; path = TaskRowMenu.swift; sourceTree = "<group>"; };
		DE03DDCAC842A647E510557D /* KeychainTokenStore.swift */ = {isa = PBXFileReference; lastKnownFileType = sourcecode.swift; path = KeychainTokenStore.swift; sourceTree = "<group>"; };
		E0DF57F88856C1F3F177A577 /* SyncHistoryView.swift */ = {isa = PBXFileReference; lastKnownFileType = sourcecode.swift; path = SyncHistoryView.swift; sourceTree = "<group>"; };
		E77900FA416C5BD27D556B5F /* GSDWidgets.appex */ = {isa = PBXFileReference; includeInIndex = 0; lastKnownFileType = "wrapper.app-extension"; path = GSDWidgets.appex; sourceTree = BUILT_PRODUCTS_DIR; };
		E82FA87A467E8E3CB5B6E075 /* GSD-Catalyst.entitlements */ = {isa = PBXFileReference; lastKnownFileType = text.plist.entitlements; path = "GSD-Catalyst.entitlements"; sourceTree = "<group>"; };
		E859591AFA113674374C5700 /* DemoChoreography.swift */ = {isa = PBXFileReference; lastKnownFileType = sourcecode.swift; path = DemoChoreography.swift; sourceTree = "<group>"; };
		E87C46CC1405702B23330578 /* ScreenshotTests.swift */ = {isa = PBXFileReference; lastKnownFileType = sourcecode.swift; path = ScreenshotTests.swift; sourceTree = "<group>"; };
		EA24761F3BB6078DC0F318A8 /* TodaysFocusProvider.swift */ = {isa = PBXFileReference; lastKnownFileType = sourcecode.swift; path = TodaysFocusProvider.swift; sourceTree = "<group>"; };
		EF808B59480FABFBDDCE413D /* CommandPaletteView.swift */ = {isa = PBXFileReference; lastKnownFileType = sourcecode.swift; path = CommandPaletteView.swift; sourceTree = "<group>"; };
		F13D65075CBAAF0DA403E950 /* ContentView.swift */ = {isa = PBXFileReference; lastKnownFileType = sourcecode.swift; path = ContentView.swift; sourceTree = "<group>"; };
		F8FB17173BD410FDE2B3AD58 /* SmartViewListView.swift */ = {isa = PBXFileReference; lastKnownFileType = sourcecode.swift; path = SmartViewListView.swift; sourceTree = "<group>"; };
		FAAD187765FA87D80F92EA6D /* SwipeRevealRow.swift */ = {isa = PBXFileReference; lastKnownFileType = sourcecode.swift; path = SwipeRevealRow.swift; sourceTree = "<group>"; };
/* End PBXFileReference section */

/* Begin PBXFrameworksBuildPhase section */
		0F701B2B5C929316F2675F65 /* Frameworks */ = {
			isa = PBXFrameworksBuildPhase;
			buildActionMask = 2147483647;
			files = (
				2DAC8455D9EDB41A5278D652 /* GSDModel in Frameworks */,
				38C43AD20BE29AACB50F60F3 /* GSDSnapshot in Frameworks */,
			);
			runOnlyForDeploymentPostprocessing = 0;
		};
		1E2B9DE3E141C148262BAACD /* Frameworks */ = {
			isa = PBXFrameworksBuildPhase;
			buildActionMask = 2147483647;
			files = (
				DAD1C4162E0C6658137A4C21 /* GSDModel in Frameworks */,
				EA4E73E505B881123C11206C /* GSDSnapshot in Frameworks */,
			);
			runOnlyForDeploymentPostprocessing = 0;
		};
		D623D4C309A48A086606013F /* Frameworks */ = {
			isa = PBXFrameworksBuildPhase;
			buildActionMask = 2147483647;
			files = (
				A92FC63E75447B51AB504FE8 /* GSDModel in Frameworks */,
				002BFF4E14DD42A9716D323B /* GSDStore in Frameworks */,
				8036F79C226CB3A58EAD44E4 /* GSDSync in Frameworks */,
				D1A08D8A25028DD6A0CF3B82 /* GSDSnapshot in Frameworks */,
			);
			runOnlyForDeploymentPostprocessing = 0;
		};
/* End PBXFrameworksBuildPhase section */

/* Begin PBXGroup section */
		0408C7043A3AAB9AC827D964 /* App */ = {
			isa = PBXGroup;
			children = (
				249F029B40FD9FDAA6A68A25 /* Assets.xcassets */,
				F13D65075CBAAF0DA403E950 /* ContentView.swift */,
				E82FA87A467E8E3CB5B6E075 /* GSD-Catalyst.entitlements */,
				1E44544249232FE202E59EB0 /* GSD.entitlements */,
				834FF1E8BA076E31BA383962 /* GSDApp.swift */,
				ABCFD2CB1A7F53B54E6E1725 /* Info.plist */,
				AE084189B67CD4EE1370674E /* PrivacyInfo.xcprivacy */,
				3437FF1C97F9C4E349C6B0F2 /* Archive */,
				ED584D631F34AF06DA5C09A3 /* Auth */,
				9380E0B72DF855B837B0BB7A /* Background */,
				13F17FD694362B5F0CFE7108 /* Browse */,
				673A791563D7F81CCA41A63F /* Bulk */,
				BAC77554DBBDEEACBDA67AE5 /* Dashboard */,
				0C2D45D930316312A499B9CB /* Demo */,
				3CBE7AF1D884DE679CAEE64D /* Editor */,
				CA9A551E91A1952A1BA0DAFB /* Effects */,
				E89C0DDD86F19B33C6CA7726 /* Help */,
				D3E7E0EFB2BB28BBEDE11E7C /* Intents */,
				D9C6756FD18851BA4C3EE85C /* Mac */,
				FA90F57386B51F3EB784FDB4 /* Matrix */,
				F3FD8333B4094D82335A01F0 /* Notifications */,
				934B723B6C53CBA69947D7C1 /* Onboarding */,
				34B0C6FC1C9DB00999F2B90A /* Palette */,
				CE95500FED3DD67B1AF87D0C /* Routing */,
				E3E7A9EE8C0A43B83CCADEC0 /* Settings */,
				B04168E073460512D3FB1A61 /* Store */,
				CAB18B8FF69C32795537F4B3 /* Support */,
				9A48F62AB639CAC93A507E7F /* Sync */,
				90EBAFD44A99F0DBD17A24F5 /* Theme */,
				52DDCB447C1EA39D55F1D7FD /* Widgets */,
			);
			path = App;
			sourceTree = "<group>";
		};
		0C2D45D930316312A499B9CB /* Demo */ = {
			isa = PBXGroup;
			children = (
				5A7B229DAFAC4E845FCCC5C5 /* DemoHomeScreen.swift */,
			);
			path = Demo;
			sourceTree = "<group>";
		};
		13F17FD694362B5F0CFE7108 /* Browse */ = {
			isa = PBXGroup;
			children = (
				9E3EB1A411E2B366AD9083E4 /* FilteredTaskListView.swift */,
				5D54F63BCE1089C7F540E0FD /* SmartViewEditorView.swift */,
				F8FB17173BD410FDE2B3AD58 /* SmartViewListView.swift */,
			);
			path = Browse;
			sourceTree = "<group>";
		};
		1EB3D99838DFC3431761508F /* Widgets */ = {
			isa = PBXGroup;
			children = (
				1FA0D2F82C759037F6A2DD38 /* GSDWidgetBundle.swift */,
				8A2616E2AED32805AED8C11B /* GSDWidgets.entitlements */,
				3D312C99EDD96DCCCA77715B /* Info.plist */,
				8908894C46A7A691FFED08F0 /* PrivacyInfo.xcprivacy */,
				4D02DE15F4CF357C7DB7F7B0 /* TodaysFocusEntry.swift */,
				EA24761F3BB6078DC0F318A8 /* TodaysFocusProvider.swift */,
				6CB854FC328F174E62348856 /* TodaysFocusView.swift */,
				8FECB334B943916706D8E944 /* TodaysFocusWidget.swift */,
			);
			path = Widgets;
			sourceTree = "<group>";
		};
		3437FF1C97F9C4E349C6B0F2 /* Archive */ = {
			isa = PBXGroup;
			children = (
				923FB39E62F676CE76DDE26A /* ArchiveListView.swift */,
			);
			path = Archive;
			sourceTree = "<group>";
		};
		34B0C6FC1C9DB00999F2B90A /* Palette */ = {
			isa = PBXGroup;
			children = (
				EF808B59480FABFBDDCE413D /* CommandPaletteView.swift */,
			);
			path = Palette;
			sourceTree = "<group>";
		};
		3CBE7AF1D884DE679CAEE64D /* Editor */ = {
			isa = PBXGroup;
			children = (
				6CE116337BD91A8A51962B63 /* DependencyPickerView.swift */,
				BBA78CA912A99CB33C5276C0 /* EditorRequest.swift */,
				B64E529DD477AC5E05C0EB91 /* TaskEditorView.swift */,
			);
			path = Editor;
			sourceTree = "<group>";
		};
		52DDCB447C1EA39D55F1D7FD /* Widgets */ = {
			isa = PBXGroup;
			children = (
				7955446497B26D20179DFD36 /* WidgetSnapshotRefresher.swift */,
			);
			path = Widgets;
			sourceTree = "<group>";
		};
		673A791563D7F81CCA41A63F /* Bulk */ = {
			isa = PBXGroup;
			children = (
				30895EFC952028C78E9F99EE /* BulkActionBar.swift */,
			);
			path = Bulk;
			sourceTree = "<group>";
		};
		7A441FD94D17954A83BEB281 /* ShareExtension */ = {
			isa = PBXGroup;
			children = (
				45F742E0B4D949B966E92DDF /* GSDShareExtension.entitlements */,
				2429471CF154E2FD234BA738 /* Info.plist */,
				C90EFCF94266B58982AD2070 /* PrivacyInfo.xcprivacy */,
				D20E914ACF6FFFD780E61B77 /* ShareComposeView.swift */,
				A706546D6BC547A4D13660DC /* ShareViewController.swift */,
			);
			path = ShareExtension;
			sourceTree = "<group>";
		};
		90EBAFD44A99F0DBD17A24F5 /* Theme */ = {
			isa = PBXGroup;
			children = (
				46573F92F98F5474E52D5C7F /* QuadrantStyle.swift */,
				5CAA477CE99B7420D83C9362 /* Theme.swift */,
			);
			path = Theme;
			sourceTree = "<group>";
		};
		934B723B6C53CBA69947D7C1 /* Onboarding */ = {
			isa = PBXGroup;
			children = (
				3198C1DBF5E5DEB48729A558 /* OnboardingView.swift */,
			);
			path = Onboarding;
			sourceTree = "<group>";
		};
		9380E0B72DF855B837B0BB7A /* Background */ = {
			isa = PBXGroup;
			children = (
				18D8BB8C39DEADCA05DC6DDE /* BackgroundRefresh.swift */,
			);
			path = Background;
			sourceTree = "<group>";
		};
		9A48F62AB639CAC93A507E7F /* Sync */ = {
			isa = PBXGroup;
			children = (
				90129986F7968EDDC63918F0 /* SyncCoordinator.swift */,
				E0DF57F88856C1F3F177A577 /* SyncHistoryView.swift */,
				9802B12A80312C88E9AAF74D /* SyncStatusChip.swift */,
			);
			path = Sync;
			sourceTree = "<group>";
		};
		A8F4EE28B10703F63C52EDE9 /* Products */ = {
			isa = PBXGroup;
			children = (
				5786EAF6D1A1869947855193 /* GSD.app */,
				84C4854FB1A6758DCF814DAA /* GSDScreenshotTests.xctest */,
				085C79B0624FDEED34B4E129 /* GSDShareExtension.appex */,
				E77900FA416C5BD27D556B5F /* GSDWidgets.appex */,
			);
			name = Products;
			sourceTree = "<group>";
		};
		B04168E073460512D3FB1A61 /* Store */ = {
			isa = PBXGroup;
			children = (
				0C1CF4736BFC71BCFDCE6D45 /* AppPreferences.swift */,
			);
			path = Store;
			sourceTree = "<group>";
		};
		BAC77554DBBDEEACBDA67AE5 /* Dashboard */ = {
			isa = PBXGroup;
			children = (
				761CD99A69FF72AB17AB5968 /* DashboardView.swift */,
			);
			path = Dashboard;
			sourceTree = "<group>";
		};
		BB4F7EFEAB7ECE5048E5F36F = {
			isa = PBXGroup;
			children = (
				0408C7043A3AAB9AC827D964 /* App */,
				D515A28E5AA76CE02716A6EF /* Packages */,
				D91E23D34EABC2DCA97A941B /* ScreenshotTests */,
				7A441FD94D17954A83BEB281 /* ShareExtension */,
				1EB3D99838DFC3431761508F /* Widgets */,
				A8F4EE28B10703F63C52EDE9 /* Products */,
			);
			sourceTree = "<group>";
		};
		CA9A551E91A1952A1BA0DAFB /* Effects */ = {
			isa = PBXGroup;
			children = (
				6B5B63F4644937DA0EA0B403 /* ConfettiView.swift */,
			);
			path = Effects;
			sourceTree = "<group>";
		};
		CAB18B8FF69C32795537F4B3 /* Support */ = {
			isa = PBXGroup;
			children = (
				A2C9EE64F35A42788D229B1E /* DemoSeed.swift */,
				52B7ABECA93D5E1F65DC3F8C /* EmptyStateView.swift */,
				94ED783FE5C2324C295B0273 /* RelativeDate.swift */,
				BD40180D8547F48338624F7D /* TaskShareText.swift */,
			);
			path = Support;
			sourceTree = "<group>";
		};
		CE95500FED3DD67B1AF87D0C /* Routing */ = {
			isa = PBXGroup;
			children = (
				79AF2835774B7DBAABCD9A82 /* DeepLinkHandoff.swift */,
				BE4AB4A7D546F89E5F67F5AA /* QuickActions.swift */,
				874A98A2278EE80A36EC0976 /* SpotlightIndexer.swift */,
			);
			path = Routing;
			sourceTree = "<group>";
		};
		D3E7E0EFB2BB28BBEDE11E7C /* Intents */ = {
			isa = PBXGroup;
			children = (
				5A940BB6BB7707C5631927A0 /* GSDAppIntents.swift */,
			);
			path = Intents;
			sourceTree = "<group>";
		};
		D515A28E5AA76CE02716A6EF /* Packages */ = {
			isa = PBXGroup;
			children = (
				0408B7C2649856ADA33B1BF0 /* GSDKit */,
			);
			name = Packages;
			sourceTree = "<group>";
		};
		D91E23D34EABC2DCA97A941B /* ScreenshotTests */ = {
			isa = PBXGroup;
			children = (
				E859591AFA113674374C5700 /* DemoChoreography.swift */,
				664E6FF5137DE167118E123D /* PreviewChoreography.swift */,
				E87C46CC1405702B23330578 /* ScreenshotTests.swift */,
			);
			path = ScreenshotTests;
			sourceTree = "<group>";
		};
		D9C6756FD18851BA4C3EE85C /* Mac */ = {
			isa = PBXGroup;
			children = (
				3D8E3161EF21EF57F6E08CB8 /* GSDMenuCommands.swift */,
			);
			path = Mac;
			sourceTree = "<group>";
		};
		E3E7A9EE8C0A43B83CCADEC0 /* Settings */ = {
			isa = PBXGroup;
			children = (
				A92D91657DBB6423E6BBE725 /* DataStorageView.swift */,
				6D97811D144C615B847BA217 /* SettingsView.swift */,
			);
			path = Settings;
			sourceTree = "<group>";
		};
		E89C0DDD86F19B33C6CA7726 /* Help */ = {
			isa = PBXGroup;
			children = (
				4FCA43224F505628B890F546 /* HelpView.swift */,
			);
			path = Help;
			sourceTree = "<group>";
		};
		ED584D631F34AF06DA5C09A3 /* Auth */ = {
			isa = PBXGroup;
			children = (
				DE03DDCAC842A647E510557D /* KeychainTokenStore.swift */,
				BF4C433062F9C387CDFB316C /* LiveWebAuthPresenter.swift */,
				454069942C9F75AFFB235E5C /* SessionStore.swift */,
			);
			path = Auth;
			sourceTree = "<group>";
		};
		F3FD8333B4094D82335A01F0 /* Notifications */ = {
			isa = PBXGroup;
			children = (
				399AF4BCCB2AD2E7048DD9AE /* LiveReminderScheduler.swift */,
				201AED667DF059BD3CEA6C01 /* ReminderResyncer.swift */,
			);
			path = Notifications;
			sourceTree = "<group>";
		};
		FA90F57386B51F3EB784FDB4 /* Matrix */ = {
			isa = PBXGroup;
			children = (
				30A03169462530BB59EC808C /* CaptureBar.swift */,
				BF4FCB5B3E30B3503D038737 /* MatrixGridView.swift */,
				BFCC04D1A10AC4C3073A8147 /* MatrixView.swift */,
				58879367B58AD6DB9D3F3B6D /* QuadrantCell.swift */,
				6929A33C9F2CE065B24A7B00 /* QuadrantSection.swift */,
				FAAD187765FA87D80F92EA6D /* SwipeRevealRow.swift */,
				53A151034146B4714F731EE2 /* TaskActions.swift */,
				B6988BDFABF5E325C967D8EA /* TaskCardView.swift */,
				721AA423A1BF176E1CB41486 /* TaskListRow.swift */,
				D5C3752E464ACF9EDB1EE803 /* TaskRowMenu.swift */,
			);
			path = Matrix;
			sourceTree = "<group>";
		};
/* End PBXGroup section */

/* Begin PBXNativeTarget section */
		3C9C23BC1E54FC4FB785F94F /* GSDShareExtension */ = {
			isa = PBXNativeTarget;
			buildConfigurationList = 2F978B0D68A80588D394D45A /* Build configuration list for PBXNativeTarget "GSDShareExtension" */;
			buildPhases = (
				8B25347A3EE417C3002FDC8B /* Sources */,
				2C3E2993B2BD490120233014 /* Resources */,
				1E2B9DE3E141C148262BAACD /* Frameworks */,
			);
			buildRules = (
			);
			dependencies = (
			);
			name = GSDShareExtension;
			packageProductDependencies = (
				A10EBE9AD3F19E9BF692E87E /* GSDModel */,
				772006EE80317C193341A8F4 /* GSDSnapshot */,
			);
			productName = GSDShareExtension;
			productReference = 085C79B0624FDEED34B4E129 /* GSDShareExtension.appex */;
			productType = "com.apple.product-type.app-extension";
		};
		514075EFE8DBD13643C750B5 /* GSDScreenshotTests */ = {
			isa = PBXNativeTarget;
			buildConfigurationList = 13196E8866F24C5D04C343A1 /* Build configuration list for PBXNativeTarget "GSDScreenshotTests" */;
			buildPhases = (
				F84BCBEC325D643938BD8486 /* Sources */,
			);
			buildRules = (
			);
			dependencies = (
				F4F60C2B58C5ED34B0CD1F0A /* PBXTargetDependency */,
			);
			name = GSDScreenshotTests;
			packageProductDependencies = (
			);
			productName = GSDScreenshotTests;
			productReference = 84C4854FB1A6758DCF814DAA /* GSDScreenshotTests.xctest */;
			productType = "com.apple.product-type.bundle.ui-testing";
		};
		C9092E2A5E48E2CA69F326A5 /* GSD */ = {
			isa = PBXNativeTarget;
			buildConfigurationList = 5212041C283BCD7F5730074B /* Build configuration list for PBXNativeTarget "GSD" */;
			buildPhases = (
				F234B19A13467F917D33F777 /* Sources */,
				7269501374F697ADBB5A18EE /* Resources */,
				D623D4C309A48A086606013F /* Frameworks */,
				4025ACAA09BB68A76D66661A /* Embed Foundation Extensions */,
			);
			buildRules = (
			);
			dependencies = (
				4E68D6359FE50C2C55CABBEF /* PBXTargetDependency */,
				23293F0D3E5D5FC728EE1818 /* PBXTargetDependency */,
			);
			name = GSD;
			packageProductDependencies = (
				10C5831BD27556073CD6CD9F /* GSDModel */,
				579A119DFC479E75D3534B6C /* GSDStore */,
				4D69B433643C83344AA85FF9 /* GSDSync */,
				98C26FEAF665B149C1D46E83 /* GSDSnapshot */,
			);
			productName = GSD;
			productReference = 5786EAF6D1A1869947855193 /* GSD.app */;
			productType = "com.apple.product-type.application";
		};
		FB5769502DA33695CDF99A6E /* GSDWidgets */ = {
			isa = PBXNativeTarget;
			buildConfigurationList = B23B1FA258338C9FECED2302 /* Build configuration list for PBXNativeTarget "GSDWidgets" */;
			buildPhases = (
				6047F83FD9EB9B45911CC02D /* Sources */,
				AA91C0760D01901BC778731D /* Resources */,
				0F701B2B5C929316F2675F65 /* Frameworks */,
			);
			buildRules = (
			);
			dependencies = (
			);
			name = GSDWidgets;
			packageProductDependencies = (
				6A3C3A671584405B65D83D55 /* GSDModel */,
				BF8FC602D80E3FC0BFC933BC /* GSDSnapshot */,
			);
			productName = GSDWidgets;
			productReference = E77900FA416C5BD27D556B5F /* GSDWidgets.appex */;
			productType = "com.apple.product-type.app-extension";
		};
/* End PBXNativeTarget section */

/* Begin PBXProject section */
		0765B2E5667333C3066967A2 /* Project object */ = {
			isa = PBXProject;
			attributes = {
				BuildIndependentTargetsInParallel = YES;
				LastUpgradeCheck = 1430;
				TargetAttributes = {
					3C9C23BC1E54FC4FB785F94F = {
						DevelopmentTeam = 52HVJ3VDSM;
						ProvisioningStyle = Automatic;
					};
					514075EFE8DBD13643C750B5 = {
						DevelopmentTeam = 52HVJ3VDSM;
						TestTargetID = C9092E2A5E48E2CA69F326A5;
					};
					C9092E2A5E48E2CA69F326A5 = {
						DevelopmentTeam = 52HVJ3VDSM;
						ProvisioningStyle = Automatic;
					};
					FB5769502DA33695CDF99A6E = {
						DevelopmentTeam = 52HVJ3VDSM;
						ProvisioningStyle = Automatic;
					};
				};
			};
			buildConfigurationList = 2920322B215695EF6FC9F93B /* Build configuration list for PBXProject "GSD" */;
			developmentRegion = en;
			hasScannedForEncodings = 0;
			knownRegions = (
				Base,
				en,
			);
			mainGroup = BB4F7EFEAB7ECE5048E5F36F;
			minimizedProjectReferenceProxies = 1;
			packageReferences = (
				AA9D23755E7D9C4A13025258 /* XCLocalSwiftPackageReference "GSDKit" */,
			);
			preferredProjectObjectVersion = 77;
			productRefGroup = A8F4EE28B10703F63C52EDE9 /* Products */;
			projectDirPath = "";
			projectRoot = "";
			targets = (
				C9092E2A5E48E2CA69F326A5 /* GSD */,
				514075EFE8DBD13643C750B5 /* GSDScreenshotTests */,
				3C9C23BC1E54FC4FB785F94F /* GSDShareExtension */,
				FB5769502DA33695CDF99A6E /* GSDWidgets */,
			);
		};
/* End PBXProject section */

/* Begin PBXResourcesBuildPhase section */
		2C3E2993B2BD490120233014 /* Resources */ = {
			isa = PBXResourcesBuildPhase;
			buildActionMask = 2147483647;
			files = (
				8C598D4A09D89CC736EB8DD5 /* PrivacyInfo.xcprivacy in Resources */,
			);
			runOnlyForDeploymentPostprocessing = 0;
		};
		7269501374F697ADBB5A18EE /* Resources */ = {
			isa = PBXResourcesBuildPhase;
			buildActionMask = 2147483647;
			files = (
				AD6837183E00E04042A56ED0 /* Assets.xcassets in Resources */,
				65F938AD7F2AD90B26C4E67A /* PrivacyInfo.xcprivacy in Resources */,
			);
			runOnlyForDeploymentPostprocessing = 0;
		};
		AA91C0760D01901BC778731D /* Resources */ = {
			isa = PBXResourcesBuildPhase;
			buildActionMask = 2147483647;
			files = (
				F1B330A8B3AF352E918AA98B /* PrivacyInfo.xcprivacy in Resources */,
			);
			runOnlyForDeploymentPostprocessing = 0;
		};
/* End PBXResourcesBuildPhase section */

/* Begin PBXSourcesBuildPhase section */
		6047F83FD9EB9B45911CC02D /* Sources */ = {
			isa = PBXSourcesBuildPhase;
			buildActionMask = 2147483647;
			files = (
				3CA0F82B70641EBE858F761D /* GSDWidgetBundle.swift in Sources */,
				1F424C37BED56024B5CCD41A /* TodaysFocusEntry.swift in Sources */,
				4A297BF5B9DB7F065BC85EE1 /* TodaysFocusProvider.swift in Sources */,
				A6BD5A7B14A9BEC633DE1C66 /* TodaysFocusView.swift in Sources */,
				B6AF4EA8BD5D386DBF3D1310 /* TodaysFocusWidget.swift in Sources */,
			);
			runOnlyForDeploymentPostprocessing = 0;
		};
		8B25347A3EE417C3002FDC8B /* Sources */ = {
			isa = PBXSourcesBuildPhase;
			buildActionMask = 2147483647;
			files = (
				511369ABE5B10E9AB12EEE51 /* ShareComposeView.swift in Sources */,
				52AD5212537B728E13851A19 /* ShareViewController.swift in Sources */,
			);
			runOnlyForDeploymentPostprocessing = 0;
		};
		F234B19A13467F917D33F777 /* Sources */ = {
			isa = PBXSourcesBuildPhase;
			buildActionMask = 2147483647;
			files = (
				85FC74F90BC144FB514B2924 /* AppPreferences.swift in Sources */,
				1995E0D8DB3D1CD07A579638 /* ArchiveListView.swift in Sources */,
				52058F06635130DE73D6A92D /* BackgroundRefresh.swift in Sources */,
				E63F93C1AFC3CD88D00DE943 /* BulkActionBar.swift in Sources */,
				046100EB23A8521EA8275EAE /* CaptureBar.swift in Sources */,
				4132C3E4E3012462A71F5C24 /* CommandPaletteView.swift in Sources */,
				C54C617DEC7531732CFC2822 /* ConfettiView.swift in Sources */,
				2C5CFB85FF77F009879520B9 /* ContentView.swift in Sources */,
				D0AFF2959538BB3C31A179B3 /* DashboardView.swift in Sources */,
				897BB67F86F05D4495DD802C /* DataStorageView.swift in Sources */,
				91BA856CFA07EA07931A8A51 /* DeepLinkHandoff.swift in Sources */,
				A004032986C5ACEB406BB2C5 /* DemoHomeScreen.swift in Sources */,
				0E93D023C335817A371DBFF3 /* DemoSeed.swift in Sources */,
				607FFB701B4CA73F83C3E8C4 /* DependencyPickerView.swift in Sources */,
				9E629D3EB66EB065393218F5 /* EditorRequest.swift in Sources */,
				8D3E507485820DA79F4330BC /* EmptyStateView.swift in Sources */,
				58FD9F5517C6F2C976FDDC84 /* FilteredTaskListView.swift in Sources */,
				BFF54FAF7C196285832779A2 /* GSDApp.swift in Sources */,
				FF5DA971C1D7F0E459C85820 /* GSDAppIntents.swift in Sources */,
				1F6721700983447468D664C1 /* GSDMenuCommands.swift in Sources */,
				5588BCC2EC76EC2BB763FD0C /* HelpView.swift in Sources */,
				CD46F261D6842C4865DDACB6 /* KeychainTokenStore.swift in Sources */,
				34A8E574358FAB0570162302 /* LiveReminderScheduler.swift in Sources */,
				83388C6EE74A09C1F6C7AC1E /* LiveWebAuthPresenter.swift in Sources */,
				359A72201638531D8F3DA616 /* MatrixGridView.swift in Sources */,
				8004840C42749CB157F55F18 /* MatrixView.swift in Sources */,
				3AF1BC550994DC383C6D93E0 /* OnboardingView.swift in Sources */,
				3D69E0E0F8BE9569BE845572 /* QuadrantCell.swift in Sources */,
				FC3ADA52CD5492DBDA90D3E3 /* QuadrantSection.swift in Sources */,
				226EDB9DE729919DC71D3140 /* QuadrantStyle.swift in Sources */,
				1FDBA6B34191BD05C33E7153 /* QuickActions.swift in Sources */,
				7A957DC7F1948AE07FD27927 /* RelativeDate.swift in Sources */,
				4CA5862BAD963FCB53AE3285 /* ReminderResyncer.swift in Sources */,
				863728DE9F16D23835B6548A /* SessionStore.swift in Sources */,
				A80A9336C8AA201D0E27E535 /* SettingsView.swift in Sources */,
				73196690527F90814FB6BD90 /* SmartViewEditorView.swift in Sources */,
				B17361EAF4ABA6F4940F94B8 /* SmartViewListView.swift in Sources */,
				305B1E2FEF9947D20EDC16CE /* SpotlightIndexer.swift in Sources */,
				330EE4300870006150028E1E /* SwipeRevealRow.swift in Sources */,
				59071E4849DBEB9BD62E330F /* SyncCoordinator.swift in Sources */,
				EEED564CCDE3349B5B966A0C /* SyncHistoryView.swift in Sources */,
				E85D86A3C5BC5FC8E8E6A062 /* SyncStatusChip.swift in Sources */,
				FE0F884C571B70DC1021DC4F /* TaskActions.swift in Sources */,
				EA9A76CFD282A149ABFD0FE3 /* TaskCardView.swift in Sources */,
				148AA072429C982C5B7B77C0 /* TaskEditorView.swift in Sources */,
				88A8C4B6149243B4E448B079 /* TaskListRow.swift in Sources */,
				199FBD01812B3761F312A745 /* TaskRowMenu.swift in Sources */,
				052F228DC3DF13B25763A8FA /* TaskShareText.swift in Sources */,
				1869F8AA2F2BACCAE9D5A230 /* Theme.swift in Sources */,
				753ECCA79375230D59BEF00A /* TodaysFocusEntry.swift in Sources */,
				F6BD77CCE7D8D5B7A4953F00 /* TodaysFocusView.swift in Sources */,
				1F2495DBB050390A9BDCFE81 /* WidgetSnapshotRefresher.swift in Sources */,
			);
			runOnlyForDeploymentPostprocessing = 0;
		};
		F84BCBEC325D643938BD8486 /* Sources */ = {
			isa = PBXSourcesBuildPhase;
			buildActionMask = 2147483647;
			files = (
				9B02974953AD67A3BB67B26E /* DemoChoreography.swift in Sources */,
				32AC8D69042D0AA6FEA03C34 /* PreviewChoreography.swift in Sources */,
				C8EFB5F817DADDA1C48B0356 /* ScreenshotTests.swift in Sources */,
			);
			runOnlyForDeploymentPostprocessing = 0;
		};
/* End PBXSourcesBuildPhase section */

/* Begin PBXTargetDependency section */
		23293F0D3E5D5FC728EE1818 /* PBXTargetDependency */ = {
			isa = PBXTargetDependency;
			platformFilter = ios;
			target = 3C9C23BC1E54FC4FB785F94F /* GSDShareExtension */;
			targetProxy = F84A37D89CDEAAC02B1DA7F2 /* PBXContainerItemProxy */;
		};
		4E68D6359FE50C2C55CABBEF /* PBXTargetDependency */ = {
			isa = PBXTargetDependency;
			platformFilter = ios;
			target = FB5769502DA33695CDF99A6E /* GSDWidgets */;
			targetProxy = 9F2BB16D90F4AFDB23B6F144 /* PBXContainerItemProxy */;
		};
		F4F60C2B58C5ED34B0CD1F0A /* PBXTargetDependency */ = {
			isa = PBXTargetDependency;
			target = C9092E2A5E48E2CA69F326A5 /* GSD */;
			targetProxy = 3539ACF5B1670282BE6A9FBF /* PBXContainerItemProxy */;
		};
/* End PBXTargetDependency section */

/* Begin XCBuildConfiguration section */
		33BA65B9DD49615C9ABC1DCA /* Debug */ = {
			isa = XCBuildConfiguration;
			buildSettings = {
				BUNDLE_LOADER = "$(TEST_HOST)";
				GENERATE_INFOPLIST_FILE = YES;
				LD_RUNPATH_SEARCH_PATHS = (
					"$(inherited)",
					"@executable_path/Frameworks",
					"@loader_path/Frameworks",
				);
				PRODUCT_BUNDLE_IDENTIFIER = "dev.vinny.gsd.screenshot-tests";
				SDKROOT = iphoneos;
				SWIFT_VERSION = 6.0;
				TARGETED_DEVICE_FAMILY = "1,2";
				TEST_TARGET_NAME = GSD;
			};
			name = Debug;
		};
		37460A3C4558B370E2B339AD /* Release */ = {
			isa = XCBuildConfiguration;
			buildSettings = {
				ASSETCATALOG_COMPILER_APPICON_NAME = AppIcon;
				CODE_SIGN_ENTITLEMENTS = App/GSD.entitlements;
				"CODE_SIGN_ENTITLEMENTS[sdk=macosx*]" = "App/GSD-Catalyst.entitlements";
				CODE_SIGN_IDENTITY = "iPhone Developer";
				CODE_SIGN_STYLE = Automatic;
				DERIVE_MACCATALYST_PRODUCT_BUNDLE_IDENTIFIER = NO;
				GENERATE_INFOPLIST_FILE = NO;
				INFOPLIST_FILE = App/Info.plist;
				LD_RUNPATH_SEARCH_PATHS = (
					"$(inherited)",
					"@executable_path/Frameworks",
				);
				PRODUCT_BUNDLE_IDENTIFIER = dev.vinny.gsd;
				SDKROOT = iphoneos;
				SUPPORTS_MACCATALYST = YES;
				SWIFT_VERSION = 6.0;
				TARGETED_DEVICE_FAMILY = "1,2";
			};
			name = Release;
		};
		4D2E34B65AE44ECE0E205899 /* Debug */ = {
			isa = XCBuildConfiguration;
			buildSettings = {
				ASSETCATALOG_COMPILER_APPICON_NAME = AppIcon;
				CODE_SIGN_ENTITLEMENTS = App/GSD.entitlements;
				"CODE_SIGN_ENTITLEMENTS[sdk=macosx*]" = "App/GSD-Catalyst.entitlements";
				CODE_SIGN_IDENTITY = "iPhone Developer";
				CODE_SIGN_STYLE = Automatic;
				DERIVE_MACCATALYST_PRODUCT_BUNDLE_IDENTIFIER = NO;
				GENERATE_INFOPLIST_FILE = NO;
				INFOPLIST_FILE = App/Info.plist;
				LD_RUNPATH_SEARCH_PATHS = (
					"$(inherited)",
					"@executable_path/Frameworks",
				);
				PRODUCT_BUNDLE_IDENTIFIER = dev.vinny.gsd;
				SDKROOT = iphoneos;
				SUPPORTS_MACCATALYST = YES;
				SWIFT_VERSION = 6.0;
				TARGETED_DEVICE_FAMILY = "1,2";
			};
			name = Debug;
		};
		798D30A1D51972C43F76CAB5 /* Release */ = {
			isa = XCBuildConfiguration;
			buildSettings = {
				ALWAYS_SEARCH_USER_PATHS = NO;
				ASSETCATALOG_COMPILER_GENERATE_ASSET_SYMBOL_FRAMEWORK_EXTENSIONS = NO;
				CLANG_ANALYZER_NONNULL = YES;
				CLANG_ANALYZER_NUMBER_OBJECT_CONVERSION = YES_AGGRESSIVE;
				CLANG_CXX_LANGUAGE_STANDARD = "gnu++14";
				CLANG_CXX_LIBRARY = "libc++";
				CLANG_ENABLE_MODULES = YES;
				CLANG_ENABLE_OBJC_ARC = YES;
				CLANG_ENABLE_OBJC_WEAK = YES;
				CLANG_WARN_BLOCK_CAPTURE_AUTORELEASING = YES;
				CLANG_WARN_BOOL_CONVERSION = YES;
				CLANG_WARN_COMMA = YES;
				CLANG_WARN_CONSTANT_CONVERSION = YES;
				CLANG_WARN_DEPRECATED_OBJC_IMPLEMENTATIONS = YES;
				CLANG_WARN_DIRECT_OBJC_ISA_USAGE = YES_ERROR;
				CLANG_WARN_DOCUMENTATION_COMMENTS = YES;
				CLANG_WARN_EMPTY_BODY = YES;
				CLANG_WARN_ENUM_CONVERSION = YES;
				CLANG_WARN_INFINITE_RECURSION = YES;
				CLANG_WARN_INT_CONVERSION = YES;
				CLANG_WARN_NON_LITERAL_NULL_CONVERSION = YES;
				CLANG_WARN_OBJC_IMPLICIT_RETAIN_SELF = YES;
				CLANG_WARN_OBJC_LITERAL_CONVERSION = YES;
				CLANG_WARN_OBJC_ROOT_CLASS = YES_ERROR;
				CLANG_WARN_QUOTED_INCLUDE_IN_FRAMEWORK_HEADER = YES;
				CLANG_WARN_RANGE_LOOP_ANALYSIS = YES;
				CLANG_WARN_STRICT_PROTOTYPES = YES;
				CLANG_WARN_SUSPICIOUS_MOVE = YES;
				CLANG_WARN_UNGUARDED_AVAILABILITY = YES_AGGRESSIVE;
				CLANG_WARN_UNREACHABLE_CODE = YES;
				CLANG_WARN__DUPLICATE_METHOD_MATCH = YES;
				CODE_SIGN_IDENTITY = "Apple Development";
				COPY_PHASE_STRIP = NO;
				CURRENT_PROJECT_VERSION = 20;
				DEBUG_INFORMATION_FORMAT = "dwarf-with-dsym";
				DEVELOPMENT_TEAM = 52HVJ3VDSM;
				ENABLE_NS_ASSERTIONS = NO;
				ENABLE_STRICT_OBJC_MSGSEND = YES;
				ENABLE_USER_SCRIPT_SANDBOXING = YES;
				GCC_C_LANGUAGE_STANDARD = gnu11;
				GCC_NO_COMMON_BLOCKS = YES;
				GCC_WARN_64_TO_32_BIT_CONVERSION = YES;
				GCC_WARN_ABOUT_RETURN_TYPE = YES_ERROR;
				GCC_WARN_UNDECLARED_SELECTOR = YES;
				GCC_WARN_UNINITIALIZED_AUTOS = YES_AGGRESSIVE;
				GCC_WARN_UNUSED_FUNCTION = YES;
				GCC_WARN_UNUSED_VARIABLE = YES;
				IPHONEOS_DEPLOYMENT_TARGET = 26.0;
				MARKETING_VERSION = 1.8.0;
				MTL_ENABLE_DEBUG_INFO = NO;
				MTL_FAST_MATH = YES;
				PRODUCT_NAME = "$(TARGET_NAME)";
				SDKROOT = iphoneos;
				STRING_CATALOG_GENERATE_SYMBOLS = YES;
				SWIFT_COMPILATION_MODE = wholemodule;
				SWIFT_OPTIMIZATION_LEVEL = "-O";
				SWIFT_VERSION = 6.0;
			};
			name = Release;
		};
		92621CA194AEF39AB1F51E96 /* Release */ = {
			isa = XCBuildConfiguration;
			buildSettings = {
				CODE_SIGN_ENTITLEMENTS = Widgets/GSDWidgets.entitlements;
				CODE_SIGN_STYLE = Automatic;
				GENERATE_INFOPLIST_FILE = NO;
				INFOPLIST_FILE = Widgets/Info.plist;
				LD_RUNPATH_SEARCH_PATHS = (
					"$(inherited)",
					"@executable_path/Frameworks",
					"@executable_path/../../Frameworks",
				);
				PRODUCT_BUNDLE_IDENTIFIER = dev.vinny.gsd.widgets;
				SDKROOT = iphoneos;
				SWIFT_VERSION = 6.0;
				TARGETED_DEVICE_FAMILY = "1,2";
			};
			name = Release;
		};
		A5368D9B6128867E69E13387 /* Debug */ = {
			isa = XCBuildConfiguration;
			buildSettings = {
				CODE_SIGN_ENTITLEMENTS = ShareExtension/GSDShareExtension.entitlements;
				CODE_SIGN_STYLE = Automatic;
				GENERATE_INFOPLIST_FILE = NO;
				INFOPLIST_FILE = ShareExtension/Info.plist;
				LD_RUNPATH_SEARCH_PATHS = (
					"$(inherited)",
					"@executable_path/Frameworks",
					"@executable_path/../../Frameworks",
				);
				PRODUCT_BUNDLE_IDENTIFIER = dev.vinny.gsd.share;
				SDKROOT = iphoneos;
				SWIFT_VERSION = 6.0;
				TARGETED_DEVICE_FAMILY = "1,2";
			};
			name = Debug;
		};
		AC87EC629162C420D7BB3F39 /* Release */ = {
			isa = XCBuildConfiguration;
			buildSettings = {
				CODE_SIGN_ENTITLEMENTS = ShareExtension/GSDShareExtension.entitlements;
				CODE_SIGN_STYLE = Automatic;
				GENERATE_INFOPLIST_FILE = NO;
				INFOPLIST_FILE = ShareExtension/Info.plist;
				LD_RUNPATH_SEARCH_PATHS = (
					"$(inherited)",
					"@executable_path/Frameworks",
					"@executable_path/../../Frameworks",
				);
				PRODUCT_BUNDLE_IDENTIFIER = dev.vinny.gsd.share;
				SDKROOT = iphoneos;
				SWIFT_VERSION = 6.0;
				TARGETED_DEVICE_FAMILY = "1,2";
			};
			name = Release;
		};
		B244DBFF48CCA8354DEF68E3 /* Debug */ = {
			isa = XCBuildConfiguration;
			buildSettings = {
				CODE_SIGN_ENTITLEMENTS = Widgets/GSDWidgets.entitlements;
				CODE_SIGN_STYLE = Automatic;
				GENERATE_INFOPLIST_FILE = NO;
				INFOPLIST_FILE = Widgets/Info.plist;
				LD_RUNPATH_SEARCH_PATHS = (
					"$(inherited)",
					"@executable_path/Frameworks",
					"@executable_path/../../Frameworks",
				);
				PRODUCT_BUNDLE_IDENTIFIER = dev.vinny.gsd.widgets;
				SDKROOT = iphoneos;
				SWIFT_VERSION = 6.0;
				TARGETED_DEVICE_FAMILY = "1,2";
			};
			name = Debug;
		};
		EA50656F6A20E80E24B5E5CE /* Release */ = {
			isa = XCBuildConfiguration;
			buildSettings = {
				BUNDLE_LOADER = "$(TEST_HOST)";
				GENERATE_INFOPLIST_FILE = YES;
				LD_RUNPATH_SEARCH_PATHS = (
					"$(inherited)",
					"@executable_path/Frameworks",
					"@loader_path/Frameworks",
				);
				PRODUCT_BUNDLE_IDENTIFIER = "dev.vinny.gsd.screenshot-tests";
				SDKROOT = iphoneos;
				SWIFT_VERSION = 6.0;
				TARGETED_DEVICE_FAMILY = "1,2";
				TEST_TARGET_NAME = GSD;
			};
			name = Release;
		};
		F970A69120215AD673742366 /* Debug */ = {
			isa = XCBuildConfiguration;
			buildSettings = {
				ALWAYS_SEARCH_USER_PATHS = NO;
				ASSETCATALOG_COMPILER_GENERATE_ASSET_SYMBOL_FRAMEWORK_EXTENSIONS = NO;
				CLANG_ANALYZER_NONNULL = YES;
				CLANG_ANALYZER_NUMBER_OBJECT_CONVERSION = YES_AGGRESSIVE;
				CLANG_CXX_LANGUAGE_STANDARD = "gnu++14";
				CLANG_CXX_LIBRARY = "libc++";
				CLANG_ENABLE_MODULES = YES;
				CLANG_ENABLE_OBJC_ARC = YES;
				CLANG_ENABLE_OBJC_WEAK = YES;
				CLANG_WARN_BLOCK_CAPTURE_AUTORELEASING = YES;
				CLANG_WARN_BOOL_CONVERSION = YES;
				CLANG_WARN_COMMA = YES;
				CLANG_WARN_CONSTANT_CONVERSION = YES;
				CLANG_WARN_DEPRECATED_OBJC_IMPLEMENTATIONS = YES;
				CLANG_WARN_DIRECT_OBJC_ISA_USAGE = YES_ERROR;
				CLANG_WARN_DOCUMENTATION_COMMENTS = YES;
				CLANG_WARN_EMPTY_BODY = YES;
				CLANG_WARN_ENUM_CONVERSION = YES;
				CLANG_WARN_INFINITE_RECURSION = YES;
				CLANG_WARN_INT_CONVERSION = YES;
				CLANG_WARN_NON_LITERAL_NULL_CONVERSION = YES;
				CLANG_WARN_OBJC_IMPLICIT_RETAIN_SELF = YES;
				CLANG_WARN_OBJC_LITERAL_CONVERSION = YES;
				CLANG_WARN_OBJC_ROOT_CLASS = YES_ERROR;
				CLANG_WARN_QUOTED_INCLUDE_IN_FRAMEWORK_HEADER = YES;
				CLANG_WARN_RANGE_LOOP_ANALYSIS = YES;
				CLANG_WARN_STRICT_PROTOTYPES = YES;
				CLANG_WARN_SUSPICIOUS_MOVE = YES;
				CLANG_WARN_UNGUARDED_AVAILABILITY = YES_AGGRESSIVE;
				CLANG_WARN_UNREACHABLE_CODE = YES;
				CLANG_WARN__DUPLICATE_METHOD_MATCH = YES;
				CODE_SIGN_IDENTITY = "Apple Development";
				COPY_PHASE_STRIP = NO;
				CURRENT_PROJECT_VERSION = 20;
				DEBUG_INFORMATION_FORMAT = dwarf;
				DEVELOPMENT_TEAM = 52HVJ3VDSM;
				ENABLE_STRICT_OBJC_MSGSEND = YES;
				ENABLE_TESTABILITY = YES;
				ENABLE_USER_SCRIPT_SANDBOXING = YES;
				GCC_C_LANGUAGE_STANDARD = gnu11;
				GCC_DYNAMIC_NO_PIC = NO;
				GCC_NO_COMMON_BLOCKS = YES;
				GCC_OPTIMIZATION_LEVEL = 0;
				GCC_PREPROCESSOR_DEFINITIONS = (
					"$(inherited)",
					"DEBUG=1",
				);
				GCC_WARN_64_TO_32_BIT_CONVERSION = YES;
				GCC_WARN_ABOUT_RETURN_TYPE = YES_ERROR;
				GCC_WARN_UNDECLARED_SELECTOR = YES;
				GCC_WARN_UNINITIALIZED_AUTOS = YES_AGGRESSIVE;
				GCC_WARN_UNUSED_FUNCTION = YES;
				GCC_WARN_UNUSED_VARIABLE = YES;
				IPHONEOS_DEPLOYMENT_TARGET = 26.0;
				MARKETING_VERSION = 1.8.0;
				MTL_ENABLE_DEBUG_INFO = INCLUDE_SOURCE;
				MTL_FAST_MATH = YES;
				ONLY_ACTIVE_ARCH = YES;
				PRODUCT_NAME = "$(TARGET_NAME)";
				SDKROOT = iphoneos;
				STRING_CATALOG_GENERATE_SYMBOLS = YES;
				SWIFT_ACTIVE_COMPILATION_CONDITIONS = DEBUG;
				SWIFT_OPTIMIZATION_LEVEL = "-Onone";
				SWIFT_VERSION = 6.0;
			};
			name = Debug;
		};
/* End XCBuildConfiguration section */

/* Begin XCConfigurationList section */
		13196E8866F24C5D04C343A1 /* Build configuration list for PBXNativeTarget "GSDScreenshotTests" */ = {
			isa = XCConfigurationList;
			buildConfigurations = (
				33BA65B9DD49615C9ABC1DCA /* Debug */,
				EA50656F6A20E80E24B5E5CE /* Release */,
			);
			defaultConfigurationIsVisible = 0;
			defaultConfigurationName = Debug;
		};
		2920322B215695EF6FC9F93B /* Build configuration list for PBXProject "GSD" */ = {
			isa = XCConfigurationList;
			buildConfigurations = (
				F970A69120215AD673742366 /* Debug */,
				798D30A1D51972C43F76CAB5 /* Release */,
			);
			defaultConfigurationIsVisible = 0;
			defaultConfigurationName = Debug;
		};
		2F978B0D68A80588D394D45A /* Build configuration list for PBXNativeTarget "GSDShareExtension" */ = {
			isa = XCConfigurationList;
			buildConfigurations = (
				A5368D9B6128867E69E13387 /* Debug */,
				AC87EC629162C420D7BB3F39 /* Release */,
			);
			defaultConfigurationIsVisible = 0;
			defaultConfigurationName = Debug;
		};
		5212041C283BCD7F5730074B /* Build configuration list for PBXNativeTarget "GSD" */ = {
			isa = XCConfigurationList;
			buildConfigurations = (
				4D2E34B65AE44ECE0E205899 /* Debug */,
				37460A3C4558B370E2B339AD /* Release */,
			);
			defaultConfigurationIsVisible = 0;
			defaultConfigurationName = Debug;
		};
		B23B1FA258338C9FECED2302 /* Build configuration list for PBXNativeTarget "GSDWidgets" */ = {
			isa = XCConfigurationList;
			buildConfigurations = (
				B244DBFF48CCA8354DEF68E3 /* Debug */,
				92621CA194AEF39AB1F51E96 /* Release */,
			);
			defaultConfigurationIsVisible = 0;
			defaultConfigurationName = Debug;
		};
/* End XCConfigurationList section */

/* Begin XCLocalSwiftPackageReference section */
		AA9D23755E7D9C4A13025258 /* XCLocalSwiftPackageReference "GSDKit" */ = {
			isa = XCLocalSwiftPackageReference;
			relativePath = GSDKit;
		};
/* End XCLocalSwiftPackageReference section */

/* Begin XCSwiftPackageProductDependency section */
		10C5831BD27556073CD6CD9F /* GSDModel */ = {
			isa = XCSwiftPackageProductDependency;
			productName = GSDModel;
		};
		4D69B433643C83344AA85FF9 /* GSDSync */ = {
			isa = XCSwiftPackageProductDependency;
			productName = GSDSync;
		};
		579A119DFC479E75D3534B6C /* GSDStore */ = {
			isa = XCSwiftPackageProductDependency;
			productName = GSDStore;
		};
		6A3C3A671584405B65D83D55 /* GSDModel */ = {
			isa = XCSwiftPackageProductDependency;
			productName = GSDModel;
		};
		772006EE80317C193341A8F4 /* GSDSnapshot */ = {
			isa = XCSwiftPackageProductDependency;
			productName = GSDSnapshot;
		};
		98C26FEAF665B149C1D46E83 /* GSDSnapshot */ = {
			isa = XCSwiftPackageProductDependency;
			productName = GSDSnapshot;
		};
		A10EBE9AD3F19E9BF692E87E /* GSDModel */ = {
			isa = XCSwiftPackageProductDependency;
			productName = GSDModel;
		};
		BF8FC602D80E3FC0BFC933BC /* GSDSnapshot */ = {
			isa = XCSwiftPackageProductDependency;
			productName = GSDSnapshot;
		};
/* End XCSwiftPackageProductDependency section */
	};
	rootObject = 0765B2E5667333C3066967A2 /* Project object */;
}
