// !$*UTF8*$!
{
	archiveVersion = 1;
	classes = {
	};
	objectVersion = 77;
	objects = {

/* Begin PBXBuildFile section */
		002BFF4E14DD42A9716D323B /* GSDStore in Frameworks */ = {isa = PBXBuildFile; productRef = 579A119DFC479E75D3534B6C /* GSDStore */; };
		046100EB23A8521EA8275EAE /* CaptureBar.swift in Sources */ = {isa = PBXBuildFile; fileRef = 30A03169462530BB59EC808C /* CaptureBar.swift */; };
		148AA072429C982C5B7B77C0 /* TaskEditorView.swift in Sources */ = {isa = PBXBuildFile; fileRef = B64E529DD477AC5E05C0EB91 /* TaskEditorView.swift */; };
		1869F8AA2F2BACCAE9D5A230 /* Theme.swift in Sources */ = {isa = PBXBuildFile; fileRef = 5CAA477CE99B7420D83C9362 /* Theme.swift */; };
		1995E0D8DB3D1CD07A579638 /* ArchiveListView.swift in Sources */ = {isa = PBXBuildFile; fileRef = 923FB39E62F676CE76DDE26A /* ArchiveListView.swift */; };
		226EDB9DE729919DC71D3140 /* QuadrantStyle.swift in Sources */ = {isa = PBXBuildFile; fileRef = 46573F92F98F5474E52D5C7F /* QuadrantStyle.swift */; };
		2C5CFB85FF77F009879520B9 /* ContentView.swift in Sources */ = {isa = PBXBuildFile; fileRef = F13D65075CBAAF0DA403E950 /* ContentView.swift */; };
		359A72201638531D8F3DA616 /* MatrixGridView.swift in Sources */ = {isa = PBXBuildFile; fileRef = BF4FCB5B3E30B3503D038737 /* MatrixGridView.swift */; };
		3AF1BC550994DC383C6D93E0 /* OnboardingView.swift in Sources */ = {isa = PBXBuildFile; fileRef = 3198C1DBF5E5DEB48729A558 /* OnboardingView.swift */; };
		3D69E0E0F8BE9569BE845572 /* QuadrantCell.swift in Sources */ = {isa = PBXBuildFile; fileRef = 58879367B58AD6DB9D3F3B6D /* QuadrantCell.swift */; };
		4132C3E4E3012462A71F5C24 /* CommandPaletteView.swift in Sources */ = {isa = PBXBuildFile; fileRef = EF808B59480FABFBDDCE413D /* CommandPaletteView.swift */; };
		58FD9F5517C6F2C976FDDC84 /* FilteredTaskListView.swift in Sources */ = {isa = PBXBuildFile; fileRef = 9E3EB1A411E2B366AD9083E4 /* FilteredTaskListView.swift */; };
		607FFB701B4CA73F83C3E8C4 /* DependencyPickerView.swift in Sources */ = {isa = PBXBuildFile; fileRef = 6CE116337BD91A8A51962B63 /* DependencyPickerView.swift */; };
		73196690527F90814FB6BD90 /* SmartViewEditorView.swift in Sources */ = {isa = PBXBuildFile; fileRef = 5D54F63BCE1089C7F540E0FD /* SmartViewEditorView.swift */; };
		7A957DC7F1948AE07FD27927 /* RelativeDate.swift in Sources */ = {isa = PBXBuildFile; fileRef = 94ED783FE5C2324C295B0273 /* RelativeDate.swift */; };
		8004840C42749CB157F55F18 /* MatrixView.swift in Sources */ = {isa = PBXBuildFile; fileRef = BFCC04D1A10AC4C3073A8147 /* MatrixView.swift */; };
		85FC74F90BC144FB514B2924 /* AppPreferences.swift in Sources */ = {isa = PBXBuildFile; fileRef = 0C1CF4736BFC71BCFDCE6D45 /* AppPreferences.swift */; };
		88A8C4B6149243B4E448B079 /* TaskListRow.swift in Sources */ = {isa = PBXBuildFile; fileRef = 721AA423A1BF176E1CB41486 /* TaskListRow.swift */; };
		897BB67F86F05D4495DD802C /* DataStorageView.swift in Sources */ = {isa = PBXBuildFile; fileRef = A92D91657DBB6423E6BBE725 /* DataStorageView.swift */; };
		9E629D3EB66EB065393218F5 /* EditorRequest.swift in Sources */ = {isa = PBXBuildFile; fileRef = BBA78CA912A99CB33C5276C0 /* EditorRequest.swift */; };
		A80A9336C8AA201D0E27E535 /* SettingsView.swift in Sources */ = {isa = PBXBuildFile; fileRef = 6D97811D144C615B847BA217 /* SettingsView.swift */; };
		A92FC63E75447B51AB504FE8 /* GSDModel in Frameworks */ = {isa = PBXBuildFile; productRef = 10C5831BD27556073CD6CD9F /* GSDModel */; };
		AD6837183E00E04042A56ED0 /* Assets.xcassets in Resources */ = {isa = PBXBuildFile; fileRef = 249F029B40FD9FDAA6A68A25 /* Assets.xcassets */; };
		B17361EAF4ABA6F4940F94B8 /* SmartViewListView.swift in Sources */ = {isa = PBXBuildFile; fileRef = F8FB17173BD410FDE2B3AD58 /* SmartViewListView.swift */; };
		BFF54FAF7C196285832779A2 /* GSDApp.swift in Sources */ = {isa = PBXBuildFile; fileRef = 834FF1E8BA076E31BA383962 /* GSDApp.swift */; };
		C54C617DEC7531732CFC2822 /* ConfettiView.swift in Sources */ = {isa = PBXBuildFile; fileRef = 6B5B63F4644937DA0EA0B403 /* ConfettiView.swift */; };
		D0AFF2959538BB3C31A179B3 /* DashboardView.swift in Sources */ = {isa = PBXBuildFile; fileRef = 761CD99A69FF72AB17AB5968 /* DashboardView.swift */; };
		E63F93C1AFC3CD88D00DE943 /* BulkActionBar.swift in Sources */ = {isa = PBXBuildFile; fileRef = 30895EFC952028C78E9F99EE /* BulkActionBar.swift */; };
		EA9A76CFD282A149ABFD0FE3 /* TaskCardView.swift in Sources */ = {isa = PBXBuildFile; fileRef = B6988BDFABF5E325C967D8EA /* TaskCardView.swift */; };
		FC3ADA52CD5492DBDA90D3E3 /* QuadrantSection.swift in Sources */ = {isa = PBXBuildFile; fileRef = 6929A33C9F2CE065B24A7B00 /* QuadrantSection.swift */; };
		FE0F884C571B70DC1021DC4F /* TaskActions.swift in Sources */ = {isa = PBXBuildFile; fileRef = 53A151034146B4714F731EE2 /* TaskActions.swift */; };
/* End PBXBuildFile section */

/* Begin PBXFileReference section */
		0408B7C2649856ADA33B1BF0 /* GSDKit */ = {isa = PBXFileReference; lastKnownFileType = folder; name = GSDKit; path = GSDKit; sourceTree = SOURCE_ROOT; };
		0C1CF4736BFC71BCFDCE6D45 /* AppPreferences.swift */ = {isa = PBXFileReference; lastKnownFileType = sourcecode.swift; path = AppPreferences.swift; sourceTree = "<group>"; };
		1E44544249232FE202E59EB0 /* GSD.entitlements */ = {isa = PBXFileReference; lastKnownFileType = text.plist.entitlements; path = GSD.entitlements; sourceTree = "<group>"; };
		249F029B40FD9FDAA6A68A25 /* Assets.xcassets */ = {isa = PBXFileReference; lastKnownFileType = folder.assetcatalog; path = Assets.xcassets; sourceTree = "<group>"; };
		30895EFC952028C78E9F99EE /* BulkActionBar.swift */ = {isa = PBXFileReference; lastKnownFileType = sourcecode.swift; path = BulkActionBar.swift; sourceTree = "<group>"; };
		30A03169462530BB59EC808C /* CaptureBar.swift */ = {isa = PBXFileReference; lastKnownFileType = sourcecode.swift; path = CaptureBar.swift; sourceTree = "<group>"; };
		3198C1DBF5E5DEB48729A558 /* OnboardingView.swift */ = {isa = PBXFileReference; lastKnownFileType = sourcecode.swift; path = OnboardingView.swift; sourceTree = "<group>"; };
		46573F92F98F5474E52D5C7F /* QuadrantStyle.swift */ = {isa = PBXFileReference; lastKnownFileType = sourcecode.swift; path = QuadrantStyle.swift; sourceTree = "<group>"; };
		53A151034146B4714F731EE2 /* TaskActions.swift */ = {isa = PBXFileReference; lastKnownFileType = sourcecode.swift; path = TaskActions.swift; sourceTree = "<group>"; };
		5786EAF6D1A1869947855193 /* GSD.app */ = {isa = PBXFileReference; includeInIndex = 0; lastKnownFileType = wrapper.application; path = GSD.app; sourceTree = BUILT_PRODUCTS_DIR; };
		58879367B58AD6DB9D3F3B6D /* QuadrantCell.swift */ = {isa = PBXFileReference; lastKnownFileType = sourcecode.swift; path = QuadrantCell.swift; sourceTree = "<group>"; };
		5CAA477CE99B7420D83C9362 /* Theme.swift */ = {isa = PBXFileReference; lastKnownFileType = sourcecode.swift; path = Theme.swift; sourceTree = "<group>"; };
		5D54F63BCE1089C7F540E0FD /* SmartViewEditorView.swift */ = {isa = PBXFileReference; lastKnownFileType = sourcecode.swift; path = SmartViewEditorView.swift; sourceTree = "<group>"; };
		6929A33C9F2CE065B24A7B00 /* QuadrantSection.swift */ = {isa = PBXFileReference; lastKnownFileType = sourcecode.swift; path = QuadrantSection.swift; sourceTree = "<group>"; };
		6B5B63F4644937DA0EA0B403 /* ConfettiView.swift */ = {isa = PBXFileReference; lastKnownFileType = sourcecode.swift; path = ConfettiView.swift; sourceTree = "<group>"; };
		6CE116337BD91A8A51962B63 /* DependencyPickerView.swift */ = {isa = PBXFileReference; lastKnownFileType = sourcecode.swift; path = DependencyPickerView.swift; sourceTree = "<group>"; };
		6D97811D144C615B847BA217 /* SettingsView.swift */ = {isa = PBXFileReference; lastKnownFileType = sourcecode.swift; path = SettingsView.swift; sourceTree = "<group>"; };
		721AA423A1BF176E1CB41486 /* TaskListRow.swift */ = {isa = PBXFileReference; lastKnownFileType = sourcecode.swift; path = TaskListRow.swift; sourceTree = "<group>"; };
		761CD99A69FF72AB17AB5968 /* DashboardView.swift */ = {isa = PBXFileReference; lastKnownFileType = sourcecode.swift; path = DashboardView.swift; sourceTree = "<group>"; };
		834FF1E8BA076E31BA383962 /* GSDApp.swift */ = {isa = PBXFileReference; lastKnownFileType = sourcecode.swift; path = GSDApp.swift; sourceTree = "<group>"; };
		923FB39E62F676CE76DDE26A /* ArchiveListView.swift */ = {isa = PBXFileReference; lastKnownFileType = sourcecode.swift; path = ArchiveListView.swift; sourceTree = "<group>"; };
		94ED783FE5C2324C295B0273 /* RelativeDate.swift */ = {isa = PBXFileReference; lastKnownFileType = sourcecode.swift; path = RelativeDate.swift; sourceTree = "<group>"; };
		9E3EB1A411E2B366AD9083E4 /* FilteredTaskListView.swift */ = {isa = PBXFileReference; lastKnownFileType = sourcecode.swift; path = FilteredTaskListView.swift; sourceTree = "<group>"; };
		A92D91657DBB6423E6BBE725 /* DataStorageView.swift */ = {isa = PBXFileReference; lastKnownFileType = sourcecode.swift; path = DataStorageView.swift; sourceTree = "<group>"; };
		ABCFD2CB1A7F53B54E6E1725 /* Info.plist */ = {isa = PBXFileReference; lastKnownFileType = text.plist; path = Info.plist; sourceTree = "<group>"; };
		B64E529DD477AC5E05C0EB91 /* TaskEditorView.swift */ = {isa = PBXFileReference; lastKnownFileType = sourcecode.swift; path = TaskEditorView.swift; sourceTree = "<group>"; };
		B6988BDFABF5E325C967D8EA /* TaskCardView.swift */ = {isa = PBXFileReference; lastKnownFileType = sourcecode.swift; path = TaskCardView.swift; sourceTree = "<group>"; };
		BBA78CA912A99CB33C5276C0 /* EditorRequest.swift */ = {isa = PBXFileReference; lastKnownFileType = sourcecode.swift; path = EditorRequest.swift; sourceTree = "<group>"; };
		BF4FCB5B3E30B3503D038737 /* MatrixGridView.swift */ = {isa = PBXFileReference; lastKnownFileType = sourcecode.swift; path = MatrixGridView.swift; sourceTree = "<group>"; };
		BFCC04D1A10AC4C3073A8147 /* MatrixView.swift */ = {isa = PBXFileReference; lastKnownFileType = sourcecode.swift; path = MatrixView.swift; sourceTree = "<group>"; };
		EF808B59480FABFBDDCE413D /* CommandPaletteView.swift */ = {isa = PBXFileReference; lastKnownFileType = sourcecode.swift; path = CommandPaletteView.swift; sourceTree = "<group>"; };
		F13D65075CBAAF0DA403E950 /* ContentView.swift */ = {isa = PBXFileReference; lastKnownFileType = sourcecode.swift; path = ContentView.swift; sourceTree = "<group>"; };
		F8FB17173BD410FDE2B3AD58 /* SmartViewListView.swift */ = {isa = PBXFileReference; lastKnownFileType = sourcecode.swift; path = SmartViewListView.swift; sourceTree = "<group>"; };
/* End PBXFileReference section */

/* Begin PBXFrameworksBuildPhase section */
		D623D4C309A48A086606013F /* Frameworks */ = {
			isa = PBXFrameworksBuildPhase;
			buildActionMask = 2147483647;
			files = (
				A92FC63E75447B51AB504FE8 /* GSDModel in Frameworks */,
				002BFF4E14DD42A9716D323B /* GSDStore in Frameworks */,
			);
			runOnlyForDeploymentPostprocessing = 0;
		};
/* End PBXFrameworksBuildPhase section */

/* Begin PBXGroup section */
		0408C7043A3AAB9AC827D964 /* App */ = {
			isa = PBXGroup;
			children = (
				249F029B40FD9FDAA6A68A25 /* Assets.xcassets */,
				F13D65075CBAAF0DA403E950 /* ContentView.swift */,
				1E44544249232FE202E59EB0 /* GSD.entitlements */,
				834FF1E8BA076E31BA383962 /* GSDApp.swift */,
				ABCFD2CB1A7F53B54E6E1725 /* Info.plist */,
				3437FF1C97F9C4E349C6B0F2 /* Archive */,
				13F17FD694362B5F0CFE7108 /* Browse */,
				673A791563D7F81CCA41A63F /* Bulk */,
				BAC77554DBBDEEACBDA67AE5 /* Dashboard */,
				3CBE7AF1D884DE679CAEE64D /* Editor */,
				CA9A551E91A1952A1BA0DAFB /* Effects */,
				FA90F57386B51F3EB784FDB4 /* Matrix */,
				934B723B6C53CBA69947D7C1 /* Onboarding */,
				34B0C6FC1C9DB00999F2B90A /* Palette */,
				E3E7A9EE8C0A43B83CCADEC0 /* Settings */,
				B04168E073460512D3FB1A61 /* Store */,
				CAB18B8FF69C32795537F4B3 /* Support */,
				90EBAFD44A99F0DBD17A24F5 /* Theme */,
			);
			path = App;
			sourceTree = "<group>";
		};
		13F17FD694362B5F0CFE7108 /* Browse */ = {
			isa = PBXGroup;
			children = (
				9E3EB1A411E2B366AD9083E4 /* FilteredTaskListView.swift */,
				5D54F63BCE1089C7F540E0FD /* SmartViewEditorView.swift */,
				F8FB17173BD410FDE2B3AD58 /* SmartViewListView.swift */,
			);
			path = Browse;
			sourceTree = "<group>";
		};
		3437FF1C97F9C4E349C6B0F2 /* Archive */ = {
			isa = PBXGroup;
			children = (
				923FB39E62F676CE76DDE26A /* ArchiveListView.swift */,
			);
			path = Archive;
			sourceTree = "<group>";
		};
		34B0C6FC1C9DB00999F2B90A /* Palette */ = {
			isa = PBXGroup;
			children = (
				EF808B59480FABFBDDCE413D /* CommandPaletteView.swift */,
			);
			path = Palette;
			sourceTree = "<group>";
		};
		3CBE7AF1D884DE679CAEE64D /* Editor */ = {
			isa = PBXGroup;
			children = (
				6CE116337BD91A8A51962B63 /* DependencyPickerView.swift */,
				BBA78CA912A99CB33C5276C0 /* EditorRequest.swift */,
				B64E529DD477AC5E05C0EB91 /* TaskEditorView.swift */,
			);
			path = Editor;
			sourceTree = "<group>";
		};
		673A791563D7F81CCA41A63F /* Bulk */ = {
			isa = PBXGroup;
			children = (
				30895EFC952028C78E9F99EE /* BulkActionBar.swift */,
			);
			path = Bulk;
			sourceTree = "<group>";
		};
		90EBAFD44A99F0DBD17A24F5 /* Theme */ = {
			isa = PBXGroup;
			children = (
				46573F92F98F5474E52D5C7F /* QuadrantStyle.swift */,
				5CAA477CE99B7420D83C9362 /* Theme.swift */,
			);
			path = Theme;
			sourceTree = "<group>";
		};
		934B723B6C53CBA69947D7C1 /* Onboarding */ = {
			isa = PBXGroup;
			children = (
				3198C1DBF5E5DEB48729A558 /* OnboardingView.swift */,
			);
			path = Onboarding;
			sourceTree = "<group>";
		};
		A8F4EE28B10703F63C52EDE9 /* Products */ = {
			isa = PBXGroup;
			children = (
				5786EAF6D1A1869947855193 /* GSD.app */,
			);
			name = Products;
			sourceTree = "<group>";
		};
		B04168E073460512D3FB1A61 /* Store */ = {
			isa = PBXGroup;
			children = (
				0C1CF4736BFC71BCFDCE6D45 /* AppPreferences.swift */,
			);
			path = Store;
			sourceTree = "<group>";
		};
		BAC77554DBBDEEACBDA67AE5 /* Dashboard */ = {
			isa = PBXGroup;
			children = (
				761CD99A69FF72AB17AB5968 /* DashboardView.swift */,
			);
			path = Dashboard;
			sourceTree = "<group>";
		};
		BB4F7EFEAB7ECE5048E5F36F = {
			isa = PBXGroup;
			children = (
				0408C7043A3AAB9AC827D964 /* App */,
				D515A28E5AA76CE02716A6EF /* Packages */,
				A8F4EE28B10703F63C52EDE9 /* Products */,
			);
			sourceTree = "<group>";
		};
		CA9A551E91A1952A1BA0DAFB /* Effects */ = {
			isa = PBXGroup;
			children = (
				6B5B63F4644937DA0EA0B403 /* ConfettiView.swift */,
			);
			path = Effects;
			sourceTree = "<group>";
		};
		CAB18B8FF69C32795537F4B3 /* Support */ = {
			isa = PBXGroup;
			children = (
				94ED783FE5C2324C295B0273 /* RelativeDate.swift */,
			);
			path = Support;
			sourceTree = "<group>";
		};
		D515A28E5AA76CE02716A6EF /* Packages */ = {
			isa = PBXGroup;
			children = (
				0408B7C2649856ADA33B1BF0 /* GSDKit */,
			);
			name = Packages;
			sourceTree = "<group>";
		};
		E3E7A9EE8C0A43B83CCADEC0 /* Settings */ = {
			isa = PBXGroup;
			children = (
				A92D91657DBB6423E6BBE725 /* DataStorageView.swift */,
				6D97811D144C615B847BA217 /* SettingsView.swift */,
			);
			path = Settings;
			sourceTree = "<group>";
		};
		FA90F57386B51F3EB784FDB4 /* Matrix */ = {
			isa = PBXGroup;
			children = (
				30A03169462530BB59EC808C /* CaptureBar.swift */,
				BF4FCB5B3E30B3503D038737 /* MatrixGridView.swift */,
				BFCC04D1A10AC4C3073A8147 /* MatrixView.swift */,
				58879367B58AD6DB9D3F3B6D /* QuadrantCell.swift */,
				6929A33C9F2CE065B24A7B00 /* QuadrantSection.swift */,
				53A151034146B4714F731EE2 /* TaskActions.swift */,
				B6988BDFABF5E325C967D8EA /* TaskCardView.swift */,
				721AA423A1BF176E1CB41486 /* TaskListRow.swift */,
			);
			path = Matrix;
			sourceTree = "<group>";
		};
/* End PBXGroup section */

/* Begin PBXNativeTarget section */
		C9092E2A5E48E2CA69F326A5 /* GSD */ = {
			isa = PBXNativeTarget;
			buildConfigurationList = 5212041C283BCD7F5730074B /* Build configuration list for PBXNativeTarget "GSD" */;
			buildPhases = (
				F234B19A13467F917D33F777 /* Sources */,
				7269501374F697ADBB5A18EE /* Resources */,
				D623D4C309A48A086606013F /* Frameworks */,
			);
			buildRules = (
			);
			dependencies = (
			);
			name = GSD;
			packageProductDependencies = (
				10C5831BD27556073CD6CD9F /* GSDModel */,
				579A119DFC479E75D3534B6C /* GSDStore */,
			);
			productName = GSD;
			productReference = 5786EAF6D1A1869947855193 /* GSD.app */;
			productType = "com.apple.product-type.application";
		};
/* End PBXNativeTarget section */

/* Begin PBXProject section */
		0765B2E5667333C3066967A2 /* Project object */ = {
			isa = PBXProject;
			attributes = {
				BuildIndependentTargetsInParallel = YES;
				LastUpgradeCheck = 1430;
				TargetAttributes = {
					C9092E2A5E48E2CA69F326A5 = {
						ProvisioningStyle = Automatic;
					};
				};
			};
			buildConfigurationList = 2920322B215695EF6FC9F93B /* Build configuration list for PBXProject "GSD" */;
			developmentRegion = en;
			hasScannedForEncodings = 0;
			knownRegions = (
				Base,
				en,
			);
			mainGroup = BB4F7EFEAB7ECE5048E5F36F;
			minimizedProjectReferenceProxies = 1;
			packageReferences = (
				AA9D23755E7D9C4A13025258 /* XCLocalSwiftPackageReference "GSDKit" */,
			);
			preferredProjectObjectVersion = 77;
			productRefGroup = A8F4EE28B10703F63C52EDE9 /* Products */;
			projectDirPath = "";
			projectRoot = "";
			targets = (
				C9092E2A5E48E2CA69F326A5 /* GSD */,
			);
		};
/* End PBXProject section */

/* Begin PBXResourcesBuildPhase section */
		7269501374F697ADBB5A18EE /* Resources */ = {
			isa = PBXResourcesBuildPhase;
			buildActionMask = 2147483647;
			files = (
				AD6837183E00E04042A56ED0 /* Assets.xcassets in Resources */,
			);
			runOnlyForDeploymentPostprocessing = 0;
		};
/* End PBXResourcesBuildPhase section */

/* Begin PBXSourcesBuildPhase section */
		F234B19A13467F917D33F777 /* Sources */ = {
			isa = PBXSourcesBuildPhase;
			buildActionMask = 2147483647;
			files = (
				85FC74F90BC144FB514B2924 /* AppPreferences.swift in Sources */,
				1995E0D8DB3D1CD07A579638 /* ArchiveListView.swift in Sources */,
				E63F93C1AFC3CD88D00DE943 /* BulkActionBar.swift in Sources */,
				046100EB23A8521EA8275EAE /* CaptureBar.swift in Sources */,
				4132C3E4E3012462A71F5C24 /* CommandPaletteView.swift in Sources */,
				C54C617DEC7531732CFC2822 /* ConfettiView.swift in Sources */,
				2C5CFB85FF77F009879520B9 /* ContentView.swift in Sources */,
				D0AFF2959538BB3C31A179B3 /* DashboardView.swift in Sources */,
				897BB67F86F05D4495DD802C /* DataStorageView.swift in Sources */,
				607FFB701B4CA73F83C3E8C4 /* DependencyPickerView.swift in Sources */,
				9E629D3EB66EB065393218F5 /* EditorRequest.swift in Sources */,
				58FD9F5517C6F2C976FDDC84 /* FilteredTaskListView.swift in Sources */,
				BFF54FAF7C196285832779A2 /* GSDApp.swift in Sources */,
				359A72201638531D8F3DA616 /* MatrixGridView.swift in Sources */,
				8004840C42749CB157F55F18 /* MatrixView.swift in Sources */,
				3AF1BC550994DC383C6D93E0 /* OnboardingView.swift in Sources */,
				3D69E0E0F8BE9569BE845572 /* QuadrantCell.swift in Sources */,
				FC3ADA52CD5492DBDA90D3E3 /* QuadrantSection.swift in Sources */,
				226EDB9DE729919DC71D3140 /* QuadrantStyle.swift in Sources */,
				7A957DC7F1948AE07FD27927 /* RelativeDate.swift in Sources */,
				A80A9336C8AA201D0E27E535 /* SettingsView.swift in Sources */,
				73196690527F90814FB6BD90 /* SmartViewEditorView.swift in Sources */,
				B17361EAF4ABA6F4940F94B8 /* SmartViewListView.swift in Sources */,
				FE0F884C571B70DC1021DC4F /* TaskActions.swift in Sources */,
				EA9A76CFD282A149ABFD0FE3 /* TaskCardView.swift in Sources */,
				148AA072429C982C5B7B77C0 /* TaskEditorView.swift in Sources */,
				88A8C4B6149243B4E448B079 /* TaskListRow.swift in Sources */,
				1869F8AA2F2BACCAE9D5A230 /* Theme.swift in Sources */,
			);
			runOnlyForDeploymentPostprocessing = 0;
		};
/* End PBXSourcesBuildPhase section */

/* Begin XCBuildConfiguration section */
		37460A3C4558B370E2B339AD /* Release */ = {
			isa = XCBuildConfiguration;
			buildSettings = {
				ASSETCATALOG_COMPILER_APPICON_NAME = AppIcon;
				CODE_SIGN_ENTITLEMENTS = App/GSD.entitlements;
				CODE_SIGN_IDENTITY = "iPhone Developer";
				CODE_SIGN_STYLE = Automatic;
				CURRENT_PROJECT_VERSION = 1;
				GENERATE_INFOPLIST_FILE = NO;
				INFOPLIST_FILE = App/Info.plist;
				LD_RUNPATH_SEARCH_PATHS = (
					"$(inherited)",
					"@executable_path/Frameworks",
				);
				MARKETING_VERSION = 0.1.0;
				PRODUCT_BUNDLE_IDENTIFIER = dev.vinny.gsd;
				SDKROOT = iphoneos;
				SWIFT_VERSION = 6.0;
				TARGETED_DEVICE_FAMILY = "1,2";
			};
			name = Release;
		};
		4D2E34B65AE44ECE0E205899 /* Debug */ = {
			isa = XCBuildConfiguration;
			buildSettings = {
				ASSETCATALOG_COMPILER_APPICON_NAME = AppIcon;
				CODE_SIGN_ENTITLEMENTS = App/GSD.entitlements;
				CODE_SIGN_IDENTITY = "iPhone Developer";
				CODE_SIGN_STYLE = Automatic;
				CURRENT_PROJECT_VERSION = 1;
				GENERATE_INFOPLIST_FILE = NO;
				INFOPLIST_FILE = App/Info.plist;
				LD_RUNPATH_SEARCH_PATHS = (
					"$(inherited)",
					"@executable_path/Frameworks",
				);
				MARKETING_VERSION = 0.1.0;
				PRODUCT_BUNDLE_IDENTIFIER = dev.vinny.gsd;
				SDKROOT = iphoneos;
				SWIFT_VERSION = 6.0;
				TARGETED_DEVICE_FAMILY = "1,2";
			};
			name = Debug;
		};
		798D30A1D51972C43F76CAB5 /* Release */ = {
			isa = XCBuildConfiguration;
			buildSettings = {
				ALWAYS_SEARCH_USER_PATHS = NO;
				CLANG_ANALYZER_NONNULL = YES;
				CLANG_ANALYZER_NUMBER_OBJECT_CONVERSION = YES_AGGRESSIVE;
				CLANG_CXX_LANGUAGE_STANDARD = "gnu++14";
				CLANG_CXX_LIBRARY = "libc++";
				CLANG_ENABLE_MODULES = YES;
				CLANG_ENABLE_OBJC_ARC = YES;
				CLANG_ENABLE_OBJC_WEAK = YES;
				CLANG_WARN_BLOCK_CAPTURE_AUTORELEASING = YES;
				CLANG_WARN_BOOL_CONVERSION = YES;
				CLANG_WARN_COMMA = YES;
				CLANG_WARN_CONSTANT_CONVERSION = YES;
				CLANG_WARN_DEPRECATED_OBJC_IMPLEMENTATIONS = YES;
				CLANG_WARN_DIRECT_OBJC_ISA_USAGE = YES_ERROR;
				CLANG_WARN_DOCUMENTATION_COMMENTS = YES;
				CLANG_WARN_EMPTY_BODY = YES;
				CLANG_WARN_ENUM_CONVERSION = YES;
				CLANG_WARN_INFINITE_RECURSION = YES;
				CLANG_WARN_INT_CONVERSION = YES;
				CLANG_WARN_NON_LITERAL_NULL_CONVERSION = YES;
				CLANG_WARN_OBJC_IMPLICIT_RETAIN_SELF = YES;
				CLANG_WARN_OBJC_LITERAL_CONVERSION = YES;
				CLANG_WARN_OBJC_ROOT_CLASS = YES_ERROR;
				CLANG_WARN_QUOTED_INCLUDE_IN_FRAMEWORK_HEADER = YES;
				CLANG_WARN_RANGE_LOOP_ANALYSIS = YES;
				CLANG_WARN_STRICT_PROTOTYPES = YES;
				CLANG_WARN_SUSPICIOUS_MOVE = YES;
				CLANG_WARN_UNGUARDED_AVAILABILITY = YES_AGGRESSIVE;
				CLANG_WARN_UNREACHABLE_CODE = YES;
				CLANG_WARN__DUPLICATE_METHOD_MATCH = YES;
				CODE_SIGN_IDENTITY = "Apple Development";
				COPY_PHASE_STRIP = NO;
				DEBUG_INFORMATION_FORMAT = "dwarf-with-dsym";
				ENABLE_NS_ASSERTIONS = NO;
				ENABLE_STRICT_OBJC_MSGSEND = YES;
				GCC_C_LANGUAGE_STANDARD = gnu11;
				GCC_NO_COMMON_BLOCKS = YES;
				GCC_WARN_64_TO_32_BIT_CONVERSION = YES;
				GCC_WARN_ABOUT_RETURN_TYPE = YES_ERROR;
				GCC_WARN_UNDECLARED_SELECTOR = YES;
				GCC_WARN_UNINITIALIZED_AUTOS = YES_AGGRESSIVE;
				GCC_WARN_UNUSED_FUNCTION = YES;
				GCC_WARN_UNUSED_VARIABLE = YES;
				IPHONEOS_DEPLOYMENT_TARGET = 26.0;
				MTL_ENABLE_DEBUG_INFO = NO;
				MTL_FAST_MATH = YES;
				PRODUCT_NAME = "$(TARGET_NAME)";
				SDKROOT = iphoneos;
				SWIFT_COMPILATION_MODE = wholemodule;
				SWIFT_OPTIMIZATION_LEVEL = "-O";
				SWIFT_VERSION = 6.0;
			};
			name = Release;
		};
		F970A69120215AD673742366 /* Debug */ = {
			isa = XCBuildConfiguration;
			buildSettings = {
				ALWAYS_SEARCH_USER_PATHS = NO;
				CLANG_ANALYZER_NONNULL = YES;
				CLANG_ANALYZER_NUMBER_OBJECT_CONVERSION = YES_AGGRESSIVE;
				CLANG_CXX_LANGUAGE_STANDARD = "gnu++14";
				CLANG_CXX_LIBRARY = "libc++";
				CLANG_ENABLE_MODULES = YES;
				CLANG_ENABLE_OBJC_ARC = YES;
				CLANG_ENABLE_OBJC_WEAK = YES;
				CLANG_WARN_BLOCK_CAPTURE_AUTORELEASING = YES;
				CLANG_WARN_BOOL_CONVERSION = YES;
				CLANG_WARN_COMMA = YES;
				CLANG_WARN_CONSTANT_CONVERSION = YES;
				CLANG_WARN_DEPRECATED_OBJC_IMPLEMENTATIONS = YES;
				CLANG_WARN_DIRECT_OBJC_ISA_USAGE = YES_ERROR;
				CLANG_WARN_DOCUMENTATION_COMMENTS = YES;
				CLANG_WARN_EMPTY_BODY = YES;
				CLANG_WARN_ENUM_CONVERSION = YES;
				CLANG_WARN_INFINITE_RECURSION = YES;
				CLANG_WARN_INT_CONVERSION = YES;
				CLANG_WARN_NON_LITERAL_NULL_CONVERSION = YES;
				CLANG_WARN_OBJC_IMPLICIT_RETAIN_SELF = YES;
				CLANG_WARN_OBJC_LITERAL_CONVERSION = YES;
				CLANG_WARN_OBJC_ROOT_CLASS = YES_ERROR;
				CLANG_WARN_QUOTED_INCLUDE_IN_FRAMEWORK_HEADER = YES;
				CLANG_WARN_RANGE_LOOP_ANALYSIS = YES;
				CLANG_WARN_STRICT_PROTOTYPES = YES;
				CLANG_WARN_SUSPICIOUS_MOVE = YES;
				CLANG_WARN_UNGUARDED_AVAILABILITY = YES_AGGRESSIVE;
				CLANG_WARN_UNREACHABLE_CODE = YES;
				CLANG_WARN__DUPLICATE_METHOD_MATCH = YES;
				CODE_SIGN_IDENTITY = "Apple Development";
				COPY_PHASE_STRIP = NO;
				DEBUG_INFORMATION_FORMAT = dwarf;
				ENABLE_STRICT_OBJC_MSGSEND = YES;
				ENABLE_TESTABILITY = YES;
				GCC_C_LANGUAGE_STANDARD = gnu11;
				GCC_DYNAMIC_NO_PIC = NO;
				GCC_NO_COMMON_BLOCKS = YES;
				GCC_OPTIMIZATION_LEVEL = 0;
				GCC_PREPROCESSOR_DEFINITIONS = (
					"$(inherited)",
					"DEBUG=1",
				);
				GCC_WARN_64_TO_32_BIT_CONVERSION = YES;
				GCC_WARN_ABOUT_RETURN_TYPE = YES_ERROR;
				GCC_WARN_UNDECLARED_SELECTOR = YES;
				GCC_WARN_UNINITIALIZED_AUTOS = YES_AGGRESSIVE;
				GCC_WARN_UNUSED_FUNCTION = YES;
				GCC_WARN_UNUSED_VARIABLE = YES;
				IPHONEOS_DEPLOYMENT_TARGET = 26.0;
				MTL_ENABLE_DEBUG_INFO = INCLUDE_SOURCE;
				MTL_FAST_MATH = YES;
				ONLY_ACTIVE_ARCH = YES;
				PRODUCT_NAME = "$(TARGET_NAME)";
				SDKROOT = iphoneos;
				SWIFT_ACTIVE_COMPILATION_CONDITIONS = DEBUG;
				SWIFT_OPTIMIZATION_LEVEL = "-Onone";
				SWIFT_VERSION = 6.0;
			};
			name = Debug;
		};
/* End XCBuildConfiguration section */

/* Begin XCConfigurationList section */
		2920322B215695EF6FC9F93B /* Build configuration list for PBXProject "GSD" */ = {
			isa = XCConfigurationList;
			buildConfigurations = (
				F970A69120215AD673742366 /* Debug */,
				798D30A1D51972C43F76CAB5 /* Release */,
			);
			defaultConfigurationIsVisible = 0;
			defaultConfigurationName = Debug;
		};
		5212041C283BCD7F5730074B /* Build configuration list for PBXNativeTarget "GSD" */ = {
			isa = XCConfigurationList;
			buildConfigurations = (
				4D2E34B65AE44ECE0E205899 /* Debug */,
				37460A3C4558B370E2B339AD /* Release */,
			);
			defaultConfigurationIsVisible = 0;
			defaultConfigurationName = Debug;
		};
/* End XCConfigurationList section */

/* Begin XCLocalSwiftPackageReference section */
		AA9D23755E7D9C4A13025258 /* XCLocalSwiftPackageReference "GSDKit" */ = {
			isa = XCLocalSwiftPackageReference;
			relativePath = GSDKit;
		};
/* End XCLocalSwiftPackageReference section */

/* Begin XCSwiftPackageProductDependency section */
		10C5831BD27556073CD6CD9F /* GSDModel */ = {
			isa = XCSwiftPackageProductDependency;
			productName = GSDModel;
		};
		579A119DFC479E75D3534B6C /* GSDStore */ = {
			isa = XCSwiftPackageProductDependency;
			productName = GSDStore;
		};
/* End XCSwiftPackageProductDependency section */
	};
	rootObject = 0765B2E5667333C3066967A2 /* Project object */;
}
